// !$*UTF8*$!
{
	archiveVersion = 1;
	classes = {
	};
	objectVersion = 46;
	objects = {

/* Begin PBXBuildFile section */
		5D34AB8D1F1509FB0097D4A1 /* main.m in Sources */ = {isa = PBXBuildFile; fileRef = 5D34AB8C1F1509FB0097D4A1 /* main.m */; };
		5D34AB901F1509FB0097D4A1 /* AppDelegate.m in Sources */ = {isa = PBXBuildFile; fileRef = 5D34AB8F1F1509FB0097D4A1 /* AppDelegate.m */; };
		5D34AB931F1509FB0097D4A1 /* MainViewController.m in Sources */ = {isa = PBXBuildFile; fileRef = 5D34AB921F1509FB0097D4A1 /* MainViewController.m */; };
		5D34AB961F1509FB0097D4A1 /* Main.storyboard in Resources */ = {isa = PBXBuildFile; fileRef = 5D34AB941F1509FB0097D4A1 /* Main.storyboard */; };
		5D34AB981F1509FB0097D4A1 /* Assets.xcassets in Resources */ = {isa = PBXBuildFile; fileRef = 5D34AB971F1509FB0097D4A1 /* Assets.xcassets */; };
		5D34AB9B1F1509FB0097D4A1 /* LaunchScreen.storyboard in Resources */ = {isa = PBXBuildFile; fileRef = 5D34AB991F1509FB0097D4A1 /* LaunchScreen.storyboard */; };
		5D34ABA61F1509FB0097D4A1 /* TungalahariTests.m in Sources */ = {isa = PBXBuildFile; fileRef = 5D34ABA51F1509FB0097D4A1 /* TungalahariTests.m */; };
		5D34ABB11F1509FB0097D4A1 /* TungalahariUITests.m in Sources */ = {isa = PBXBuildFile; fileRef = 5D34ABB01F1509FB0097D4A1 /* TungalahariUITests.m */; };
		5D34ABC01F150A320097D4A1 /* AlbumViewController.m in Sources */ = {isa = PBXBuildFile; fileRef = 5D34ABBF1F150A320097D4A1 /* AlbumViewController.m */; };
		5D34ACD91F1521F00097D4A1 /* Album.m in Sources */ = {isa = PBXBuildFile; fileRef = 5D34ACD81F1521F00097D4A1 /* Album.m */; };
		5D34AD8A1F1B36850097D4A1 /* lyrics_001_001.html in Resources */ = {isa = PBXBuildFile; fileRef = 5D34ACDD1F1B36850097D4A1 /* lyrics_001_001.html */; };
		5D34AD8B1F1B36850097D4A1 /* lyrics_001_002.html in Resources */ = {isa = PBXBuildFile; fileRef = 5D34ACDF1F1B36850097D4A1 /* lyrics_001_002.html */; };
		5D34AD8C1F1B36850097D4A1 /* lyrics_001_003.html in Resources */ = {isa = PBXBuildFile; fileRef = 5D34ACE11F1B36850097D4A1 /* lyrics_001_003.html */; };
		5D34AD8D1F1B36850097D4A1 /* lyrics_001_004.html in Resources */ = {isa = PBXBuildFile; fileRef = 5D34ACE31F1B36850097D4A1 /* lyrics_001_004.html */; };
		5D34AD8E1F1B36850097D4A1 /* lyrics_001_005.html in Resources */ = {isa = PBXBuildFile; fileRef = 5D34ACE51F1B36850097D4A1 /* lyrics_001_005.html */; };
		5D34AD8F1F1B36850097D4A1 /* lyrics_001_006.html in Resources */ = {isa = PBXBuildFile; fileRef = 5D34ACE71F1B36850097D4A1 /* lyrics_001_006.html */; };
		5D34AD901F1B36850097D4A1 /* lyrics_001_007.html in Resources */ = {isa = PBXBuildFile; fileRef = 5D34ACE91F1B36850097D4A1 /* lyrics_001_007.html */; };
		5D34AD911F1B36850097D4A1 /* lyrics_001_008.html in Resources */ = {isa = PBXBuildFile; fileRef = 5D34ACEB1F1B36850097D4A1 /* lyrics_001_008.html */; };
		5D34AD921F1B36850097D4A1 /* lyrics_001_009.html in Resources */ = {isa = PBXBuildFile; fileRef = 5D34ACED1F1B36850097D4A1 /* lyrics_001_009.html */; };
		5D34AD931F1B36850097D4A1 /* albumDetails_001.json in Resources */ = {isa = PBXBuildFile; fileRef = 5D34ACEE1F1B36850097D4A1 /* albumDetails_001.json */; };
		5D34AD941F1B36850097D4A1 /* lyrics_002_001.html in Resources */ = {isa = PBXBuildFile; fileRef = 5D34ACF11F1B36850097D4A1 /* lyrics_002_001.html */; };
		5D34AD951F1B36850097D4A1 /* lyrics_002_002.html in Resources */ = {isa = PBXBuildFile; fileRef = 5D34ACF31F1B36850097D4A1 /* lyrics_002_002.html */; };
		5D34AD961F1B36850097D4A1 /* lyrics_002_003.html in Resources */ = {isa = PBXBuildFile; fileRef = 5D34ACF51F1B36850097D4A1 /* lyrics_002_003.html */; };
		5D34AD971F1B36850097D4A1 /* lyrics_002_004.html in Resources */ = {isa = PBXBuildFile; fileRef = 5D34ACF71F1B36850097D4A1 /* lyrics_002_004.html */; };
		5D34AD981F1B36850097D4A1 /* lyrics_002_005.html in Resources */ = {isa = PBXBuildFile; fileRef = 5D34ACF91F1B36850097D4A1 /* lyrics_002_005.html */; };
		5D34AD991F1B36850097D4A1 /* lyrics_002_006.html in Resources */ = {isa = PBXBuildFile; fileRef = 5D34ACFB1F1B36850097D4A1 /* lyrics_002_006.html */; };
		5D34AD9A1F1B36850097D4A1 /* lyrics_002_007.html in Resources */ = {isa = PBXBuildFile; fileRef = 5D34ACFD1F1B36850097D4A1 /* lyrics_002_007.html */; };
		5D34AD9B1F1B36850097D4A1 /* lyrics_002_008.html in Resources */ = {isa = PBXBuildFile; fileRef = 5D34ACFF1F1B36850097D4A1 /* lyrics_002_008.html */; };
		5D34AD9C1F1B36850097D4A1 /* lyrics_002_009.html in Resources */ = {isa = PBXBuildFile; fileRef = 5D34AD011F1B36850097D4A1 /* lyrics_002_009.html */; };
		5D34AD9D1F1B36850097D4A1 /* lyrics_002_010.html in Resources */ = {isa = PBXBuildFile; fileRef = 5D34AD031F1B36850097D4A1 /* lyrics_002_010.html */; };
		5D34AD9E1F1B36850097D4A1 /* lyrics_002_011.html in Resources */ = {isa = PBXBuildFile; fileRef = 5D34AD051F1B36850097D4A1 /* lyrics_002_011.html */; };
		5D34AD9F1F1B36850097D4A1 /* lyrics_002_012.html in Resources */ = {isa = PBXBuildFile; fileRef = 5D34AD071F1B36850097D4A1 /* lyrics_002_012.html */; };
		5D34ADA01F1B36850097D4A1 /* lyrics_002_013.html in Resources */ = {isa = PBXBuildFile; fileRef = 5D34AD091F1B36850097D4A1 /* lyrics_002_013.html */; };
		5D34ADA11F1B36850097D4A1 /* lyrics_002_014.html in Resources */ = {isa = PBXBuildFile; fileRef = 5D34AD0B1F1B36850097D4A1 /* lyrics_002_014.html */; };
		5D34ADA21F1B36850097D4A1 /* lyrics_002_015.html in Resources */ = {isa = PBXBuildFile; fileRef = 5D34AD0D1F1B36850097D4A1 /* lyrics_002_015.html */; };
		5D34ADA31F1B36850097D4A1 /* lyrics_002_016.html in Resources */ = {isa = PBXBuildFile; fileRef = 5D34AD0F1F1B36850097D4A1 /* lyrics_002_016.html */; };
		5D34ADA41F1B36850097D4A1 /* albumDetails_002.json in Resources */ = {isa = PBXBuildFile; fileRef = 5D34AD101F1B36850097D4A1 /* albumDetails_002.json */; };
		5D34ADA51F1B36850097D4A1 /* lyrics_003_001.html in Resources */ = {isa = PBXBuildFile; fileRef = 5D34AD131F1B36850097D4A1 /* lyrics_003_001.html */; };
		5D34ADA61F1B36850097D4A1 /* lyrics_003_002.html in Resources */ = {isa = PBXBuildFile; fileRef = 5D34AD151F1B36850097D4A1 /* lyrics_003_002.html */; };
		5D34ADA71F1B36850097D4A1 /* lyrics_003_003.html in Resources */ = {isa = PBXBuildFile; fileRef = 5D34AD171F1B36850097D4A1 /* lyrics_003_003.html */; };
		5D34ADA81F1B36850097D4A1 /* lyrics_003_004.html in Resources */ = {isa = PBXBuildFile; fileRef = 5D34AD191F1B36850097D4A1 /* lyrics_003_004.html */; };
		5D34ADA91F1B36850097D4A1 /* lyrics_003_005.html in Resources */ = {isa = PBXBuildFile; fileRef = 5D34AD1B1F1B36850097D4A1 /* lyrics_003_005.html */; };
		5D34ADAA1F1B36850097D4A1 /* lyrics_003_006.html in Resources */ = {isa = PBXBuildFile; fileRef = 5D34AD1D1F1B36850097D4A1 /* lyrics_003_006.html */; };
		5D34ADAB1F1B36850097D4A1 /* albumDetails_003.json in Resources */ = {isa = PBXBuildFile; fileRef = 5D34AD1E1F1B36850097D4A1 /* albumDetails_003.json */; };
		5D34ADAC1F1B36850097D4A1 /* lyrics_004_001.html in Resources */ = {isa = PBXBuildFile; fileRef = 5D34AD211F1B36850097D4A1 /* lyrics_004_001.html */; };
		5D34ADAD1F1B36850097D4A1 /* lyrics_004_002.html in Resources */ = {isa = PBXBuildFile; fileRef = 5D34AD231F1B36850097D4A1 /* lyrics_004_002.html */; };
		5D34ADAE1F1B36850097D4A1 /* lyrics_004_003.html in Resources */ = {isa = PBXBuildFile; fileRef = 5D34AD251F1B36850097D4A1 /* lyrics_004_003.html */; };
		5D34ADAF1F1B36850097D4A1 /* lyrics_004_004.html in Resources */ = {isa = PBXBuildFile; fileRef = 5D34AD271F1B36850097D4A1 /* lyrics_004_004.html */; };
		5D34ADB01F1B36850097D4A1 /* lyrics_004_005.html in Resources */ = {isa = PBXBuildFile; fileRef = 5D34AD291F1B36850097D4A1 /* lyrics_004_005.html */; };
		5D34ADB11F1B36850097D4A1 /* lyrics_004_006.html in Resources */ = {isa = PBXBuildFile; fileRef = 5D34AD2B1F1B36850097D4A1 /* lyrics_004_006.html */; };
		5D34ADB21F1B36850097D4A1 /* lyrics_004_007.html in Resources */ = {isa = PBXBuildFile; fileRef = 5D34AD2D1F1B36850097D4A1 /* lyrics_004_007.html */; };
		5D34ADB31F1B36850097D4A1 /* albumDetails_004.json in Resources */ = {isa = PBXBuildFile; fileRef = 5D34AD2E1F1B36850097D4A1 /* albumDetails_004.json */; };
		5D34ADB41F1B36850097D4A1 /* lyrics_005_001.html in Resources */ = {isa = PBXBuildFile; fileRef = 5D34AD311F1B36850097D4A1 /* lyrics_005_001.html */; };
		5D34ADB51F1B36850097D4A1 /* lyrics_005_002.html in Resources */ = {isa = PBXBuildFile; fileRef = 5D34AD331F1B36850097D4A1 /* lyrics_005_002.html */; };
		5D34ADB61F1B36850097D4A1 /* lyrics_005_003.html in Resources */ = {isa = PBXBuildFile; fileRef = 5D34AD351F1B36850097D4A1 /* lyrics_005_003.html */; };
		5D34ADB71F1B36850097D4A1 /* lyrics_005_004.html in Resources */ = {isa = PBXBuildFile; fileRef = 5D34AD371F1B36850097D4A1 /* lyrics_005_004.html */; };
		5D34ADB81F1B36850097D4A1 /* lyrics_005_005.html in Resources */ = {isa = PBXBuildFile; fileRef = 5D34AD391F1B36850097D4A1 /* lyrics_005_005.html */; };
		5D34ADB91F1B36850097D4A1 /* lyrics_005_006.html in Resources */ = {isa = PBXBuildFile; fileRef = 5D34AD3B1F1B36850097D4A1 /* lyrics_005_006.html */; };
		5D34ADBA1F1B36850097D4A1 /* albumDetails_005.json in Resources */ = {isa = PBXBuildFile; fileRef = 5D34AD3C1F1B36850097D4A1 /* albumDetails_005.json */; };
		5D34ADBB1F1B36850097D4A1 /* lyrics_009_001.html in Resources */ = {isa = PBXBuildFile; fileRef = 5D34AD3F1F1B36850097D4A1 /* lyrics_009_001.html */; };
		5D34ADBC1F1B36850097D4A1 /* lyrics_009_002.html in Resources */ = {isa = PBXBuildFile; fileRef = 5D34AD411F1B36850097D4A1 /* lyrics_009_002.html */; };
		5D34ADBD1F1B36850097D4A1 /* lyrics_009_003.html in Resources */ = {isa = PBXBuildFile; fileRef = 5D34AD431F1B36850097D4A1 /* lyrics_009_003.html */; };
		5D34ADBE1F1B36850097D4A1 /* lyrics_009_004.html in Resources */ = {isa = PBXBuildFile; fileRef = 5D34AD451F1B36850097D4A1 /* lyrics_009_004.html */; };
		5D34ADBF1F1B36850097D4A1 /* lyrics_009_005.html in Resources */ = {isa = PBXBuildFile; fileRef = 5D34AD471F1B36850097D4A1 /* lyrics_009_005.html */; };
		5D34ADC01F1B36850097D4A1 /* lyrics_009_006.html in Resources */ = {isa = PBXBuildFile; fileRef = 5D34AD491F1B36850097D4A1 /* lyrics_009_006.html */; };
		5D34ADC11F1B36850097D4A1 /* albumDetails_009.json in Resources */ = {isa = PBXBuildFile; fileRef = 5D34AD4A1F1B36850097D4A1 /* albumDetails_009.json */; };
		5D34ADC21F1B36850097D4A1 /* lyrics_010_001.html in Resources */ = {isa = PBXBuildFile; fileRef = 5D34AD4D1F1B36850097D4A1 /* lyrics_010_001.html */; };
		5D34ADC31F1B36850097D4A1 /* lyrics_010_002.html in Resources */ = {isa = PBXBuildFile; fileRef = 5D34AD4F1F1B36850097D4A1 /* lyrics_010_002.html */; };
		5D34ADC41F1B36850097D4A1 /* lyrics_010_003.html in Resources */ = {isa = PBXBuildFile; fileRef = 5D34AD511F1B36850097D4A1 /* lyrics_010_003.html */; };
		5D34ADC51F1B36850097D4A1 /* lyrics_010_004.html in Resources */ = {isa = PBXBuildFile; fileRef = 5D34AD531F1B36850097D4A1 /* lyrics_010_004.html */; };
		5D34ADC61F1B36850097D4A1 /* lyrics_010_005.html in Resources */ = {isa = PBXBuildFile; fileRef = 5D34AD551F1B36850097D4A1 /* lyrics_010_005.html */; };
		5D34ADC71F1B36850097D4A1 /* lyrics_010_006.html in Resources */ = {isa = PBXBuildFile; fileRef = 5D34AD571F1B36850097D4A1 /* lyrics_010_006.html */; };
		5D34ADC81F1B36850097D4A1 /* lyrics_010_007.html in Resources */ = {isa = PBXBuildFile; fileRef = 5D34AD591F1B36850097D4A1 /* lyrics_010_007.html */; };
		5D34ADC91F1B36850097D4A1 /* lyrics_010_008.html in Resources */ = {isa = PBXBuildFile; fileRef = 5D34AD5B1F1B36850097D4A1 /* lyrics_010_008.html */; };
		5D34ADCA1F1B36850097D4A1 /* lyrics_010_009.html in Resources */ = {isa = PBXBuildFile; fileRef = 5D34AD5D1F1B36850097D4A1 /* lyrics_010_009.html */; };
		5D34ADCB1F1B36850097D4A1 /* lyrics_010_010.html in Resources */ = {isa = PBXBuildFile; fileRef = 5D34AD5F1F1B36850097D4A1 /* lyrics_010_010.html */; };
		5D34ADCC1F1B36850097D4A1 /* lyrics_010_011.html in Resources */ = {isa = PBXBuildFile; fileRef = 5D34AD611F1B36850097D4A1 /* lyrics_010_011.html */; };
		5D34ADCD1F1B36850097D4A1 /* lyrics_010_012.html in Resources */ = {isa = PBXBuildFile; fileRef = 5D34AD631F1B36850097D4A1 /* lyrics_010_012.html */; };
		5D34ADCE1F1B36850097D4A1 /* lyrics_010_013.html in Resources */ = {isa = PBXBuildFile; fileRef = 5D34AD651F1B36850097D4A1 /* lyrics_010_013.html */; };
		5D34ADCF1F1B36850097D4A1 /* lyrics_010_014.html in Resources */ = {isa = PBXBuildFile; fileRef = 5D34AD671F1B36850097D4A1 /* lyrics_010_014.html */; };
		5D34ADD01F1B36850097D4A1 /* albumDetails_010.json in Resources */ = {isa = PBXBuildFile; fileRef = 5D34AD681F1B36850097D4A1 /* albumDetails_010.json */; };
		5D34ADD11F1B36850097D4A1 /* lyrics_011_001.html in Resources */ = {isa = PBXBuildFile; fileRef = 5D34AD6B1F1B36850097D4A1 /* lyrics_011_001.html */; };
		5D34ADD21F1B36850097D4A1 /* lyrics_011_002.html in Resources */ = {isa = PBXBuildFile; fileRef = 5D34AD6D1F1B36850097D4A1 /* lyrics_011_002.html */; };
		5D34ADD31F1B36850097D4A1 /* lyrics_011_003.html in Resources */ = {isa = PBXBuildFile; fileRef = 5D34AD6F1F1B36850097D4A1 /* lyrics_011_003.html */; };
		5D34ADD41F1B36850097D4A1 /* lyrics_011_004.html in Resources */ = {isa = PBXBuildFile; fileRef = 5D34AD711F1B36850097D4A1 /* lyrics_011_004.html */; };
		5D34ADD51F1B36850097D4A1 /* lyrics_011_005.html in Resources */ = {isa = PBXBuildFile; fileRef = 5D34AD731F1B36850097D4A1 /* lyrics_011_005.html */; };
		5D34ADD61F1B36850097D4A1 /* lyrics_011_006.html in Resources */ = {isa = PBXBuildFile; fileRef = 5D34AD751F1B36850097D4A1 /* lyrics_011_006.html */; };
		5D34ADD71F1B36850097D4A1 /* lyrics_011_007.html in Resources */ = {isa = PBXBuildFile; fileRef = 5D34AD771F1B36850097D4A1 /* lyrics_011_007.html */; };
		5D34ADD81F1B36850097D4A1 /* lyrics_011_008.html in Resources */ = {isa = PBXBuildFile; fileRef = 5D34AD791F1B36850097D4A1 /* lyrics_011_008.html */; };
		5D34ADD91F1B36850097D4A1 /* lyrics_011_009.html in Resources */ = {isa = PBXBuildFile; fileRef = 5D34AD7B1F1B36850097D4A1 /* lyrics_011_009.html */; };
		5D34ADDA1F1B36850097D4A1 /* lyrics_011_010.html in Resources */ = {isa = PBXBuildFile; fileRef = 5D34AD7D1F1B36850097D4A1 /* lyrics_011_010.html */; };
		5D34ADDB1F1B36850097D4A1 /* lyrics_011_011.html in Resources */ = {isa = PBXBuildFile; fileRef = 5D34AD7F1F1B36850097D4A1 /* lyrics_011_011.html */; };
		5D34ADDC1F1B36850097D4A1 /* lyrics_011_012.html in Resources */ = {isa = PBXBuildFile; fileRef = 5D34AD811F1B36850097D4A1 /* lyrics_011_012.html */; };
		5D34ADDD1F1B36850097D4A1 /* lyrics_011_013.html in Resources */ = {isa = PBXBuildFile; fileRef = 5D34AD831F1B36850097D4A1 /* lyrics_011_013.html */; };
		5D34ADDE1F1B36850097D4A1 /* lyrics_011_014.html in Resources */ = {isa = PBXBuildFile; fileRef = 5D34AD851F1B36850097D4A1 /* lyrics_011_014.html */; };
		5D34ADDF1F1B36850097D4A1 /* lyrics_011_015.html in Resources */ = {isa = PBXBuildFile; fileRef = 5D34AD871F1B36850097D4A1 /* lyrics_011_015.html */; };
		5D34ADE01F1B36850097D4A1 /* albumDetails_011.json in Resources */ = {isa = PBXBuildFile; fileRef = 5D34AD881F1B36850097D4A1 /* albumDetails_011.json */; };
		5D34ADE11F1B36850097D4A1 /* albums.json in Resources */ = {isa = PBXBuildFile; fileRef = 5D34AD891F1B36850097D4A1 /* albums.json */; };
		5D34ADE41F1B39960097D4A1 /* Song.m in Sources */ = {isa = PBXBuildFile; fileRef = 5D34ADE31F1B39960097D4A1 /* Song.m */; };
		645D272C0FCE7FAFA3B095B1 /* libPods-TungalahariUITests.a in Frameworks */ = {isa = PBXBuildFile; fileRef = F0CE1202BCC1D8BB6510EFEB /* libPods-TungalahariUITests.a */; };
		905DE5D41F6435160042BCF5 /* MediaPlayerViewController.m in Sources */ = {isa = PBXBuildFile; fileRef = 905DE5D31F6435160042BCF5 /* MediaPlayerViewController.m */; };
		90A9909A1F265F9E004E6991 /* AVFoundation.framework in Frameworks */ = {isa = PBXBuildFile; fileRef = 90A990991F265F9E004E6991 /* AVFoundation.framework */; };
		90A9909C1F265FA3004E6991 /* AVKit.framework in Frameworks */ = {isa = PBXBuildFile; fileRef = 90A9909B1F265FA3004E6991 /* AVKit.framework */; };
		BD8109A8205EA405A8FD10F2 /* libPods-TungalahariTests.a in Frameworks */ = {isa = PBXBuildFile; fileRef = F72E6C9CDA5BE971F5F4A136 /* libPods-TungalahariTests.a */; };
/* End PBXBuildFile section */

/* Begin PBXContainerItemProxy section */
		5D34ABA21F1509FB0097D4A1 /* PBXContainerItemProxy */ = {
			isa = PBXContainerItemProxy;
			containerPortal = 5D34AB801F1509FB0097D4A1 /* Project object */;
			proxyType = 1;
			remoteGlobalIDString = 5D34AB871F1509FB0097D4A1;
			remoteInfo = Tungalahari;
		};
		5D34ABAD1F1509FB0097D4A1 /* PBXContainerItemProxy */ = {
			isa = PBXContainerItemProxy;
			containerPortal = 5D34AB801F1509FB0097D4A1 /* Project object */;
			proxyType = 1;
			remoteGlobalIDString = 5D34AB871F1509FB0097D4A1;
			remoteInfo = Tungalahari;
		};
/* End PBXContainerItemProxy section */

/* Begin PBXFileReference section */
		5D34AB881F1509FB0097D4A1 /* Tungalahari.app */ = {isa = PBXFileReference; explicitFileType = wrapper.application; includeInIndex = 0; path = Tungalahari.app; sourceTree = BUILT_PRODUCTS_DIR; };
		5D34AB8C1F1509FB0097D4A1 /* main.m */ = {isa = PBXFileReference; lastKnownFileType = sourcecode.c.objc; path = main.m; sourceTree = "<group>"; };
		5D34AB8E1F1509FB0097D4A1 /* AppDelegate.h */ = {isa = PBXFileReference; lastKnownFileType = sourcecode.c.h; path = AppDelegate.h; sourceTree = "<group>"; };
		5D34AB8F1F1509FB0097D4A1 /* AppDelegate.m */ = {isa = PBXFileReference; lastKnownFileType = sourcecode.c.objc; path = AppDelegate.m; sourceTree = "<group>"; };
		5D34AB911F1509FB0097D4A1 /* MainViewController.h */ = {isa = PBXFileReference; lastKnownFileType = sourcecode.c.h; path = MainViewController.h; sourceTree = "<group>"; };
		5D34AB921F1509FB0097D4A1 /* MainViewController.m */ = {isa = PBXFileReference; lastKnownFileType = sourcecode.c.objc; path = MainViewController.m; sourceTree = "<group>"; };
		5D34AB951F1509FB0097D4A1 /* Base */ = {isa = PBXFileReference; lastKnownFileType = file.storyboard; name = Base; path = Base.lproj/Main.storyboard; sourceTree = "<group>"; };
		5D34AB971F1509FB0097D4A1 /* Assets.xcassets */ = {isa = PBXFileReference; lastKnownFileType = folder.assetcatalog; path = Assets.xcassets; sourceTree = "<group>"; };
		5D34AB9A1F1509FB0097D4A1 /* Base */ = {isa = PBXFileReference; lastKnownFileType = file.storyboard; name = Base; path = Base.lproj/LaunchScreen.storyboard; sourceTree = "<group>"; };
		5D34AB9C1F1509FB0097D4A1 /* Info.plist */ = {isa = PBXFileReference; lastKnownFileType = text.plist.xml; path = Info.plist; sourceTree = "<group>"; };
		5D34ABA11F1509FB0097D4A1 /* TungalahariTests.xctest */ = {isa = PBXFileReference; explicitFileType = wrapper.cfbundle; includeInIndex = 0; path = TungalahariTests.xctest; sourceTree = BUILT_PRODUCTS_DIR; };
		5D34ABA51F1509FB0097D4A1 /* TungalahariTests.m */ = {isa = PBXFileReference; lastKnownFileType = sourcecode.c.objc; path = TungalahariTests.m; sourceTree = "<group>"; };
		5D34ABA71F1509FB0097D4A1 /* Info.plist */ = {isa = PBXFileReference; lastKnownFileType = text.plist.xml; path = Info.plist; sourceTree = "<group>"; };
		5D34ABAC1F1509FB0097D4A1 /* TungalahariUITests.xctest */ = {isa = PBXFileReference; explicitFileType = wrapper.cfbundle; includeInIndex = 0; path = TungalahariUITests.xctest; sourceTree = BUILT_PRODUCTS_DIR; };
		5D34ABB01F1509FB0097D4A1 /* TungalahariUITests.m */ = {isa = PBXFileReference; lastKnownFileType = sourcecode.c.objc; path = TungalahariUITests.m; sourceTree = "<group>"; };
		5D34ABB21F1509FB0097D4A1 /* Info.plist */ = {isa = PBXFileReference; lastKnownFileType = text.plist.xml; path = Info.plist; sourceTree = "<group>"; };
		5D34ABBE1F150A320097D4A1 /* AlbumViewController.h */ = {isa = PBXFileReference; fileEncoding = 4; lastKnownFileType = sourcecode.c.h; path = AlbumViewController.h; sourceTree = "<group>"; };
		5D34ABBF1F150A320097D4A1 /* AlbumViewController.m */ = {isa = PBXFileReference; fileEncoding = 4; lastKnownFileType = sourcecode.c.objc; path = AlbumViewController.m; sourceTree = "<group>"; };
		5D34ACD71F1521F00097D4A1 /* Album.h */ = {isa = PBXFileReference; fileEncoding = 4; lastKnownFileType = sourcecode.c.h; path = Album.h; sourceTree = "<group>"; };
		5D34ACD81F1521F00097D4A1 /* Album.m */ = {isa = PBXFileReference; fileEncoding = 4; lastKnownFileType = sourcecode.c.objc; path = Album.m; sourceTree = "<group>"; };
		5D34ACDD1F1B36850097D4A1 /* lyrics_001_001.html */ = {isa = PBXFileReference; fileEncoding = 4; lastKnownFileType = text.html; path = lyrics_001_001.html; sourceTree = "<group>"; };
		5D34ACDF1F1B36850097D4A1 /* lyrics_001_002.html */ = {isa = PBXFileReference; fileEncoding = 4; lastKnownFileType = text.html; path = lyrics_001_002.html; sourceTree = "<group>"; };
		5D34ACE11F1B36850097D4A1 /* lyrics_001_003.html */ = {isa = PBXFileReference; fileEncoding = 4; lastKnownFileType = text.html; path = lyrics_001_003.html; sourceTree = "<group>"; };
		5D34ACE31F1B36850097D4A1 /* lyrics_001_004.html */ = {isa = PBXFileReference; fileEncoding = 4; lastKnownFileType = text.html; path = lyrics_001_004.html; sourceTree = "<group>"; };
		5D34ACE51F1B36850097D4A1 /* lyrics_001_005.html */ = {isa = PBXFileReference; fileEncoding = 4; lastKnownFileType = text.html; path = lyrics_001_005.html; sourceTree = "<group>"; };
		5D34ACE71F1B36850097D4A1 /* lyrics_001_006.html */ = {isa = PBXFileReference; fileEncoding = 4; lastKnownFileType = text.html; path = lyrics_001_006.html; sourceTree = "<group>"; };
		5D34ACE91F1B36850097D4A1 /* lyrics_001_007.html */ = {isa = PBXFileReference; fileEncoding = 4; lastKnownFileType = text.html; path = lyrics_001_007.html; sourceTree = "<group>"; };
		5D34ACEB1F1B36850097D4A1 /* lyrics_001_008.html */ = {isa = PBXFileReference; fileEncoding = 4; lastKnownFileType = text.html; path = lyrics_001_008.html; sourceTree = "<group>"; };
		5D34ACED1F1B36850097D4A1 /* lyrics_001_009.html */ = {isa = PBXFileReference; fileEncoding = 4; lastKnownFileType = text.html; path = lyrics_001_009.html; sourceTree = "<group>"; };
		5D34ACEE1F1B36850097D4A1 /* albumDetails_001.json */ = {isa = PBXFileReference; fileEncoding = 4; lastKnownFileType = text.json; path = albumDetails_001.json; sourceTree = "<group>"; };
		5D34ACF11F1B36850097D4A1 /* lyrics_002_001.html */ = {isa = PBXFileReference; fileEncoding = 4; lastKnownFileType = text.html; path = lyrics_002_001.html; sourceTree = "<group>"; };
		5D34ACF31F1B36850097D4A1 /* lyrics_002_002.html */ = {isa = PBXFileReference; fileEncoding = 4; lastKnownFileType = text.html; path = lyrics_002_002.html; sourceTree = "<group>"; };
		5D34ACF51F1B36850097D4A1 /* lyrics_002_003.html */ = {isa = PBXFileReference; fileEncoding = 4; lastKnownFileType = text.html; path = lyrics_002_003.html; sourceTree = "<group>"; };
		5D34ACF71F1B36850097D4A1 /* lyrics_002_004.html */ = {isa = PBXFileReference; fileEncoding = 4; lastKnownFileType = text.html; path = lyrics_002_004.html; sourceTree = "<group>"; };
		5D34ACF91F1B36850097D4A1 /* lyrics_002_005.html */ = {isa = PBXFileReference; fileEncoding = 4; lastKnownFileType = text.html; path = lyrics_002_005.html; sourceTree = "<group>"; };
		5D34ACFB1F1B36850097D4A1 /* lyrics_002_006.html */ = {isa = PBXFileReference; fileEncoding = 4; lastKnownFileType = text.html; path = lyrics_002_006.html; sourceTree = "<group>"; };
		5D34ACFD1F1B36850097D4A1 /* lyrics_002_007.html */ = {isa = PBXFileReference; fileEncoding = 4; lastKnownFileType = text.html; path = lyrics_002_007.html; sourceTree = "<group>"; };
		5D34ACFF1F1B36850097D4A1 /* lyrics_002_008.html */ = {isa = PBXFileReference; fileEncoding = 4; lastKnownFileType = text.html; path = lyrics_002_008.html; sourceTree = "<group>"; };
		5D34AD011F1B36850097D4A1 /* lyrics_002_009.html */ = {isa = PBXFileReference; fileEncoding = 4; lastKnownFileType = text.html; path = lyrics_002_009.html; sourceTree = "<group>"; };
		5D34AD031F1B36850097D4A1 /* lyrics_002_010.html */ = {isa = PBXFileReference; fileEncoding = 4; lastKnownFileType = text.html; path = lyrics_002_010.html; sourceTree = "<group>"; };
		5D34AD051F1B36850097D4A1 /* lyrics_002_011.html */ = {isa = PBXFileReference; fileEncoding = 4; lastKnownFileType = text.html; path = lyrics_002_011.html; sourceTree = "<group>"; };
		5D34AD071F1B36850097D4A1 /* lyrics_002_012.html */ = {isa = PBXFileReference; fileEncoding = 4; lastKnownFileType = text.html; path = lyrics_002_012.html; sourceTree = "<group>"; };
		5D34AD091F1B36850097D4A1 /* lyrics_002_013.html */ = {isa = PBXFileReference; fileEncoding = 4; lastKnownFileType = text.html; path = lyrics_002_013.html; sourceTree = "<group>"; };
		5D34AD0B1F1B36850097D4A1 /* lyrics_002_014.html */ = {isa = PBXFileReference; fileEncoding = 4; lastKnownFileType = text.html; path = lyrics_002_014.html; sourceTree = "<group>"; };
		5D34AD0D1F1B36850097D4A1 /* lyrics_002_015.html */ = {isa = PBXFileReference; fileEncoding = 4; lastKnownFileType = text.html; path = lyrics_002_015.html; sourceTree = "<group>"; };
		5D34AD0F1F1B36850097D4A1 /* lyrics_002_016.html */ = {isa = PBXFileReference; fileEncoding = 4; lastKnownFileType = text.html; path = lyrics_002_016.html; sourceTree = "<group>"; };
		5D34AD101F1B36850097D4A1 /* albumDetails_002.json */ = {isa = PBXFileReference; fileEncoding = 4; lastKnownFileType = text.json; path = albumDetails_002.json; sourceTree = "<group>"; };
		5D34AD131F1B36850097D4A1 /* lyrics_003_001.html */ = {isa = PBXFileReference; fileEncoding = 4; lastKnownFileType = text.html; path = lyrics_003_001.html; sourceTree = "<group>"; };
		5D34AD151F1B36850097D4A1 /* lyrics_003_002.html */ = {isa = PBXFileReference; fileEncoding = 4; lastKnownFileType = text.html; path = lyrics_003_002.html; sourceTree = "<group>"; };
		5D34AD171F1B36850097D4A1 /* lyrics_003_003.html */ = {isa = PBXFileReference; fileEncoding = 4; lastKnownFileType = text.html; path = lyrics_003_003.html; sourceTree = "<group>"; };
		5D34AD191F1B36850097D4A1 /* lyrics_003_004.html */ = {isa = PBXFileReference; fileEncoding = 4; lastKnownFileType = text.html; path = lyrics_003_004.html; sourceTree = "<group>"; };
		5D34AD1B1F1B36850097D4A1 /* lyrics_003_005.html */ = {isa = PBXFileReference; fileEncoding = 4; lastKnownFileType = text.html; path = lyrics_003_005.html; sourceTree = "<group>"; };
		5D34AD1D1F1B36850097D4A1 /* lyrics_003_006.html */ = {isa = PBXFileReference; fileEncoding = 4; lastKnownFileType = text.html; path = lyrics_003_006.html; sourceTree = "<group>"; };
		5D34AD1E1F1B36850097D4A1 /* albumDetails_003.json */ = {isa = PBXFileReference; fileEncoding = 4; lastKnownFileType = text.json; path = albumDetails_003.json; sourceTree = "<group>"; };
		5D34AD211F1B36850097D4A1 /* lyrics_004_001.html */ = {isa = PBXFileReference; fileEncoding = 4; lastKnownFileType = text.html; path = lyrics_004_001.html; sourceTree = "<group>"; };
		5D34AD231F1B36850097D4A1 /* lyrics_004_002.html */ = {isa = PBXFileReference; fileEncoding = 4; lastKnownFileType = text.html; path = lyrics_004_002.html; sourceTree = "<group>"; };
		5D34AD251F1B36850097D4A1 /* lyrics_004_003.html */ = {isa = PBXFileReference; fileEncoding = 4; lastKnownFileType = text.html; path = lyrics_004_003.html; sourceTree = "<group>"; };
		5D34AD271F1B36850097D4A1 /* lyrics_004_004.html */ = {isa = PBXFileReference; fileEncoding = 4; lastKnownFileType = text.html; path = lyrics_004_004.html; sourceTree = "<group>"; };
		5D34AD291F1B36850097D4A1 /* lyrics_004_005.html */ = {isa = PBXFileReference; fileEncoding = 4; lastKnownFileType = text.html; path = lyrics_004_005.html; sourceTree = "<group>"; };
		5D34AD2B1F1B36850097D4A1 /* lyrics_004_006.html */ = {isa = PBXFileReference; fileEncoding = 4; lastKnownFileType = text.html; path = lyrics_004_006.html; sourceTree = "<group>"; };
		5D34AD2D1F1B36850097D4A1 /* lyrics_004_007.html */ = {isa = PBXFileReference; fileEncoding = 4; lastKnownFileType = text.html; path = lyrics_004_007.html; sourceTree = "<group>"; };
		5D34AD2E1F1B36850097D4A1 /* albumDetails_004.json */ = {isa = PBXFileReference; fileEncoding = 4; lastKnownFileType = text.json; path = albumDetails_004.json; sourceTree = "<group>"; };
		5D34AD311F1B36850097D4A1 /* lyrics_005_001.html */ = {isa = PBXFileReference; fileEncoding = 4; lastKnownFileType = text.html; path = lyrics_005_001.html; sourceTree = "<group>"; };
		5D34AD331F1B36850097D4A1 /* lyrics_005_002.html */ = {isa = PBXFileReference; fileEncoding = 4; lastKnownFileType = text.html; path = lyrics_005_002.html; sourceTree = "<group>"; };
		5D34AD351F1B36850097D4A1 /* lyrics_005_003.html */ = {isa = PBXFileReference; fileEncoding = 4; lastKnownFileType = text.html; path = lyrics_005_003.html; sourceTree = "<group>"; };
		5D34AD371F1B36850097D4A1 /* lyrics_005_004.html */ = {isa = PBXFileReference; fileEncoding = 4; lastKnownFileType = text.html; path = lyrics_005_004.html; sourceTree = "<group>"; };
		5D34AD391F1B36850097D4A1 /* lyrics_005_005.html */ = {isa = PBXFileReference; fileEncoding = 4; lastKnownFileType = text.html; path = lyrics_005_005.html; sourceTree = "<group>"; };
		5D34AD3B1F1B36850097D4A1 /* lyrics_005_006.html */ = {isa = PBXFileReference; fileEncoding = 4; lastKnownFileType = text.html; path = lyrics_005_006.html; sourceTree = "<group>"; };
		5D34AD3C1F1B36850097D4A1 /* albumDetails_005.json */ = {isa = PBXFileReference; fileEncoding = 4; lastKnownFileType = text.json; path = albumDetails_005.json; sourceTree = "<group>"; };
		5D34AD3F1F1B36850097D4A1 /* lyrics_009_001.html */ = {isa = PBXFileReference; fileEncoding = 4; lastKnownFileType = text.html; path = lyrics_009_001.html; sourceTree = "<group>"; };
		5D34AD411F1B36850097D4A1 /* lyrics_009_002.html */ = {isa = PBXFileReference; fileEncoding = 4; lastKnownFileType = text.html; path = lyrics_009_002.html; sourceTree = "<group>"; };
		5D34AD431F1B36850097D4A1 /* lyrics_009_003.html */ = {isa = PBXFileReference; fileEncoding = 4; lastKnownFileType = text.html; path = lyrics_009_003.html; sourceTree = "<group>"; };
		5D34AD451F1B36850097D4A1 /* lyrics_009_004.html */ = {isa = PBXFileReference; fileEncoding = 4; lastKnownFileType = text.html; path = lyrics_009_004.html; sourceTree = "<group>"; };
		5D34AD471F1B36850097D4A1 /* lyrics_009_005.html */ = {isa = PBXFileReference; fileEncoding = 4; lastKnownFileType = text.html; path = lyrics_009_005.html; sourceTree = "<group>"; };
		5D34AD491F1B36850097D4A1 /* lyrics_009_006.html */ = {isa = PBXFileReference; fileEncoding = 4; lastKnownFileType = text.html; path = lyrics_009_006.html; sourceTree = "<group>"; };
		5D34AD4A1F1B36850097D4A1 /* albumDetails_009.json */ = {isa = PBXFileReference; fileEncoding = 4; lastKnownFileType = text.json; path = albumDetails_009.json; sourceTree = "<group>"; };
		5D34AD4D1F1B36850097D4A1 /* lyrics_010_001.html */ = {isa = PBXFileReference; fileEncoding = 4; lastKnownFileType = text.html; path = lyrics_010_001.html; sourceTree = "<group>"; };
		5D34AD4F1F1B36850097D4A1 /* lyrics_010_002.html */ = {isa = PBXFileReference; fileEncoding = 4; lastKnownFileType = text.html; path = lyrics_010_002.html; sourceTree = "<group>"; };
		5D34AD511F1B36850097D4A1 /* lyrics_010_003.html */ = {isa = PBXFileReference; fileEncoding = 4; lastKnownFileType = text.html; path = lyrics_010_003.html; sourceTree = "<group>"; };
		5D34AD531F1B36850097D4A1 /* lyrics_010_004.html */ = {isa = PBXFileReference; fileEncoding = 4; lastKnownFileType = text.html; path = lyrics_010_004.html; sourceTree = "<group>"; };
		5D34AD551F1B36850097D4A1 /* lyrics_010_005.html */ = {isa = PBXFileReference; fileEncoding = 4; lastKnownFileType = text.html; path = lyrics_010_005.html; sourceTree = "<group>"; };
		5D34AD571F1B36850097D4A1 /* lyrics_010_006.html */ = {isa = PBXFileReference; fileEncoding = 4; lastKnownFileType = text.html; path = lyrics_010_006.html; sourceTree = "<group>"; };
		5D34AD591F1B36850097D4A1 /* lyrics_010_007.html */ = {isa = PBXFileReference; fileEncoding = 4; lastKnownFileType = text.html; path = lyrics_010_007.html; sourceTree = "<group>"; };
		5D34AD5B1F1B36850097D4A1 /* lyrics_010_008.html */ = {isa = PBXFileReference; fileEncoding = 4; lastKnownFileType = text.html; path = lyrics_010_008.html; sourceTree = "<group>"; };
		5D34AD5D1F1B36850097D4A1 /* lyrics_010_009.html */ = {isa = PBXFileReference; fileEncoding = 4; lastKnownFileType = text.html; path = lyrics_010_009.html; sourceTree = "<group>"; };
		5D34AD5F1F1B36850097D4A1 /* lyrics_010_010.html */ = {isa = PBXFileReference; fileEncoding = 4; lastKnownFileType = text.html; path = lyrics_010_010.html; sourceTree = "<group>"; };
		5D34AD611F1B36850097D4A1 /* lyrics_010_011.html */ = {isa = PBXFileReference; fileEncoding = 4; lastKnownFileType = text.html; path = lyrics_010_011.html; sourceTree = "<group>"; };
		5D34AD631F1B36850097D4A1 /* lyrics_010_012.html */ = {isa = PBXFileReference; fileEncoding = 4; lastKnownFileType = text.html; path = lyrics_010_012.html; sourceTree = "<group>"; };
		5D34AD651F1B36850097D4A1 /* lyrics_010_013.html */ = {isa = PBXFileReference; fileEncoding = 4; lastKnownFileType = text.html; path = lyrics_010_013.html; sourceTree = "<group>"; };
		5D34AD671F1B36850097D4A1 /* lyrics_010_014.html */ = {isa = PBXFileReference; fileEncoding = 4; lastKnownFileType = text.html; path = lyrics_010_014.html; sourceTree = "<group>"; };
		5D34AD681F1B36850097D4A1 /* albumDetails_010.json */ = {isa = PBXFileReference; fileEncoding = 4; lastKnownFileType = text.json; path = albumDetails_010.json; sourceTree = "<group>"; };
		5D34AD6B1F1B36850097D4A1 /* lyrics_011_001.html */ = {isa = PBXFileReference; fileEncoding = 4; lastKnownFileType = text.html; path = lyrics_011_001.html; sourceTree = "<group>"; };
		5D34AD6D1F1B36850097D4A1 /* lyrics_011_002.html */ = {isa = PBXFileReference; fileEncoding = 4; lastKnownFileType = text.html; path = lyrics_011_002.html; sourceTree = "<group>"; };
		5D34AD6F1F1B36850097D4A1 /* lyrics_011_003.html */ = {isa = PBXFileReference; fileEncoding = 4; lastKnownFileType = text.html; path = lyrics_011_003.html; sourceTree = "<group>"; };
		5D34AD711F1B36850097D4A1 /* lyrics_011_004.html */ = {isa = PBXFileReference; fileEncoding = 4; lastKnownFileType = text.html; path = lyrics_011_004.html; sourceTree = "<group>"; };
		5D34AD731F1B36850097D4A1 /* lyrics_011_005.html */ = {isa = PBXFileReference; fileEncoding = 4; lastKnownFileType = text.html; path = lyrics_011_005.html; sourceTree = "<group>"; };
		5D34AD751F1B36850097D4A1 /* lyrics_011_006.html */ = {isa = PBXFileReference; fileEncoding = 4; lastKnownFileType = text.html; path = lyrics_011_006.html; sourceTree = "<group>"; };
		5D34AD771F1B36850097D4A1 /* lyrics_011_007.html */ = {isa = PBXFileReference; fileEncoding = 4; lastKnownFileType = text.html; path = lyrics_011_007.html; sourceTree = "<group>"; };
		5D34AD791F1B36850097D4A1 /* lyrics_011_008.html */ = {isa = PBXFileReference; fileEncoding = 4; lastKnownFileType = text.html; path = lyrics_011_008.html; sourceTree = "<group>"; };
		5D34AD7B1F1B36850097D4A1 /* lyrics_011_009.html */ = {isa = PBXFileReference; fileEncoding = 4; lastKnownFileType = text.html; path = lyrics_011_009.html; sourceTree = "<group>"; };
		5D34AD7D1F1B36850097D4A1 /* lyrics_011_010.html */ = {isa = PBXFileReference; fileEncoding = 4; lastKnownFileType = text.html; path = lyrics_011_010.html; sourceTree = "<group>"; };
		5D34AD7F1F1B36850097D4A1 /* lyrics_011_011.html */ = {isa = PBXFileReference; fileEncoding = 4; lastKnownFileType = text.html; path = lyrics_011_011.html; sourceTree = "<group>"; };
		5D34AD811F1B36850097D4A1 /* lyrics_011_012.html */ = {isa = PBXFileReference; fileEncoding = 4; lastKnownFileType = text.html; path = lyrics_011_012.html; sourceTree = "<group>"; };
		5D34AD831F1B36850097D4A1 /* lyrics_011_013.html */ = {isa = PBXFileReference; fileEncoding = 4; lastKnownFileType = text.html; path = lyrics_011_013.html; sourceTree = "<group>"; };
		5D34AD851F1B36850097D4A1 /* lyrics_011_014.html */ = {isa = PBXFileReference; fileEncoding = 4; lastKnownFileType = text.html; path = lyrics_011_014.html; sourceTree = "<group>"; };
		5D34AD871F1B36850097D4A1 /* lyrics_011_015.html */ = {isa = PBXFileReference; fileEncoding = 4; lastKnownFileType = text.html; path = lyrics_011_015.html; sourceTree = "<group>"; };
		5D34AD881F1B36850097D4A1 /* albumDetails_011.json */ = {isa = PBXFileReference; fileEncoding = 4; lastKnownFileType = text.json; path = albumDetails_011.json; sourceTree = "<group>"; };
		5D34AD891F1B36850097D4A1 /* albums.json */ = {isa = PBXFileReference; fileEncoding = 4; lastKnownFileType = text.json; path = albums.json; sourceTree = "<group>"; };
		5D34ADE21F1B39960097D4A1 /* Song.h */ = {isa = PBXFileReference; fileEncoding = 4; lastKnownFileType = sourcecode.c.h; path = Song.h; sourceTree = "<group>"; };
		5D34ADE31F1B39960097D4A1 /* Song.m */ = {isa = PBXFileReference; fileEncoding = 4; lastKnownFileType = sourcecode.c.objc; path = Song.m; sourceTree = "<group>"; };
		905DE5D21F6435160042BCF5 /* MediaPlayerViewController.h */ = {isa = PBXFileReference; fileEncoding = 4; lastKnownFileType = sourcecode.c.h; path = MediaPlayerViewController.h; sourceTree = "<group>"; };
		905DE5D31F6435160042BCF5 /* MediaPlayerViewController.m */ = {isa = PBXFileReference; fileEncoding = 4; lastKnownFileType = sourcecode.c.objc; path = MediaPlayerViewController.m; sourceTree = "<group>"; };
		90A990991F265F9E004E6991 /* AVFoundation.framework */ = {isa = PBXFileReference; lastKnownFileType = wrapper.framework; name = AVFoundation.framework; path = System/Library/Frameworks/AVFoundation.framework; sourceTree = SDKROOT; };
		90A9909B1F265FA3004E6991 /* AVKit.framework */ = {isa = PBXFileReference; lastKnownFileType = wrapper.framework; name = AVKit.framework; path = System/Library/Frameworks/AVKit.framework; sourceTree = SDKROOT; };
		E45FE135305BA3F1DA953649 /* libPods-Tungalahari.a */ = {isa = PBXFileReference; explicitFileType = archive.ar; includeInIndex = 0; path = "libPods-Tungalahari.a"; sourceTree = BUILT_PRODUCTS_DIR; };
		F0CE1202BCC1D8BB6510EFEB /* libPods-TungalahariUITests.a */ = {isa = PBXFileReference; explicitFileType = archive.ar; includeInIndex = 0; path = "libPods-TungalahariUITests.a"; sourceTree = BUILT_PRODUCTS_DIR; };
		F72E6C9CDA5BE971F5F4A136 /* libPods-TungalahariTests.a */ = {isa = PBXFileReference; explicitFileType = archive.ar; includeInIndex = 0; path = "libPods-TungalahariTests.a"; sourceTree = BUILT_PRODUCTS_DIR; };
/* End PBXFileReference section */

/* Begin PBXFrameworksBuildPhase section */
		5D34AB851F1509FB0097D4A1 /* Frameworks */ = {
			isa = PBXFrameworksBuildPhase;
			buildActionMask = 2147483647;
			files = (
				90A9909C1F265FA3004E6991 /* AVKit.framework in Frameworks */,
				90A9909A1F265F9E004E6991 /* AVFoundation.framework in Frameworks */,
			);
			runOnlyForDeploymentPostprocessing = 0;
		};
		5D34AB9E1F1509FB0097D4A1 /* Frameworks */ = {
			isa = PBXFrameworksBuildPhase;
			buildActionMask = 2147483647;
			files = (
				BD8109A8205EA405A8FD10F2 /* libPods-TungalahariTests.a in Frameworks */,
			);
			runOnlyForDeploymentPostprocessing = 0;
		};
		5D34ABA91F1509FB0097D4A1 /* Frameworks */ = {
			isa = PBXFrameworksBuildPhase;
			buildActionMask = 2147483647;
			files = (
				645D272C0FCE7FAFA3B095B1 /* libPods-TungalahariUITests.a in Frameworks */,
			);
			runOnlyForDeploymentPostprocessing = 0;
		};
/* End PBXFrameworksBuildPhase section */

/* Begin PBXGroup section */
		5D34AB7F1F1509FB0097D4A1 = {
			isa = PBXGroup;
			children = (
				5D34AB8A1F1509FB0097D4A1 /* Tungalahari */,
				5D34ABA41F1509FB0097D4A1 /* TungalahariTests */,
				5D34ABAF1F1509FB0097D4A1 /* TungalahariUITests */,
				5D34AB891F1509FB0097D4A1 /* Products */,
				90A990981F265F9E004E6991 /* Frameworks */,
			);
			sourceTree = "<group>";
		};
		5D34AB891F1509FB0097D4A1 /* Products */ = {
			isa = PBXGroup;
			children = (
				5D34AB881F1509FB0097D4A1 /* Tungalahari.app */,
				5D34ABA11F1509FB0097D4A1 /* TungalahariTests.xctest */,
				5D34ABAC1F1509FB0097D4A1 /* TungalahariUITests.xctest */,
			);
			name = Products;
			sourceTree = "<group>";
		};
		5D34AB8A1F1509FB0097D4A1 /* Tungalahari */ = {
			isa = PBXGroup;
			children = (
				905DE5D21F6435160042BCF5 /* MediaPlayerViewController.h */,
				905DE5D31F6435160042BCF5 /* MediaPlayerViewController.m */,
				5D34AB8E1F1509FB0097D4A1 /* AppDelegate.h */,
				5D34AB8F1F1509FB0097D4A1 /* AppDelegate.m */,
				5D34ACD71F1521F00097D4A1 /* Album.h */,
				5D34ACD81F1521F00097D4A1 /* Album.m */,
				5D34ADE21F1B39960097D4A1 /* Song.h */,
				5D34ADE31F1B39960097D4A1 /* Song.m */,
				5D34AB911F1509FB0097D4A1 /* MainViewController.h */,
				5D34AB921F1509FB0097D4A1 /* MainViewController.m */,
				5D34ABBE1F150A320097D4A1 /* AlbumViewController.h */,
				5D34ABBF1F150A320097D4A1 /* AlbumViewController.m */,
				5D34AB941F1509FB0097D4A1 /* Main.storyboard */,
				5D34AB971F1509FB0097D4A1 /* Assets.xcassets */,
				5D34AB991F1509FB0097D4A1 /* LaunchScreen.storyboard */,
				5D34AB9C1F1509FB0097D4A1 /* Info.plist */,
				5D34ACDA1F1B36850097D4A1 /* Data */,
				5D34AB8B1F1509FB0097D4A1 /* Supporting Files */,
			);
			path = Tungalahari;
			sourceTree = "<group>";
		};
		5D34AB8B1F1509FB0097D4A1 /* Supporting Files */ = {
			isa = PBXGroup;
			children = (
				5D34AB8C1F1509FB0097D4A1 /* main.m */,
			);
			name = "Supporting Files";
			sourceTree = "<group>";
		};
		5D34ABA41F1509FB0097D4A1 /* TungalahariTests */ = {
			isa = PBXGroup;
			children = (
				5D34ABA51F1509FB0097D4A1 /* TungalahariTests.m */,
				5D34ABA71F1509FB0097D4A1 /* Info.plist */,
			);
			path = TungalahariTests;
			sourceTree = "<group>";
		};
		5D34ABAF1F1509FB0097D4A1 /* TungalahariUITests */ = {
			isa = PBXGroup;
			children = (
				5D34ABB01F1509FB0097D4A1 /* TungalahariUITests.m */,
				5D34ABB21F1509FB0097D4A1 /* Info.plist */,
			);
			path = TungalahariUITests;
			sourceTree = "<group>";
		};
		5D34ACDA1F1B36850097D4A1 /* Data */ = {
			isa = PBXGroup;
			children = (
				5D34ACDB1F1B36850097D4A1 /* 001 */,
				5D34ACEF1F1B36850097D4A1 /* 002 */,
				5D34AD111F1B36850097D4A1 /* 003 */,
				5D34AD1F1F1B36850097D4A1 /* 004 */,
				5D34AD2F1F1B36850097D4A1 /* 005 */,
				5D34AD3D1F1B36850097D4A1 /* 009 */,
				5D34AD4B1F1B36850097D4A1 /* 010 */,
				5D34AD691F1B36850097D4A1 /* 011 */,
				5D34AD891F1B36850097D4A1 /* albums.json */,
			);
			path = Data;
			sourceTree = "<group>";
		};
		5D34ACDB1F1B36850097D4A1 /* 001 */ = {
			isa = PBXGroup;
			children = (
				5D34ACDC1F1B36850097D4A1 /* 001 */,
				5D34ACDE1F1B36850097D4A1 /* 002 */,
				5D34ACE01F1B36850097D4A1 /* 003 */,
				5D34ACE21F1B36850097D4A1 /* 004 */,
				5D34ACE41F1B36850097D4A1 /* 005 */,
				5D34ACE61F1B36850097D4A1 /* 006 */,
				5D34ACE81F1B36850097D4A1 /* 007 */,
				5D34ACEA1F1B36850097D4A1 /* 008 */,
				5D34ACEC1F1B36850097D4A1 /* 009 */,
				5D34ACEE1F1B36850097D4A1 /* albumDetails_001.json */,
			);
			path = 001;
			sourceTree = "<group>";
		};
		5D34ACDC1F1B36850097D4A1 /* 001 */ = {
			isa = PBXGroup;
			children = (
				5D34ACDD1F1B36850097D4A1 /* lyrics_001_001.html */,
			);
			path = 001;
			sourceTree = "<group>";
		};
		5D34ACDE1F1B36850097D4A1 /* 002 */ = {
			isa = PBXGroup;
			children = (
				5D34ACDF1F1B36850097D4A1 /* lyrics_001_002.html */,
			);
			path = 002;
			sourceTree = "<group>";
		};
		5D34ACE01F1B36850097D4A1 /* 003 */ = {
			isa = PBXGroup;
			children = (
				5D34ACE11F1B36850097D4A1 /* lyrics_001_003.html */,
			);
			path = 003;
			sourceTree = "<group>";
		};
		5D34ACE21F1B36850097D4A1 /* 004 */ = {
			isa = PBXGroup;
			children = (
				5D34ACE31F1B36850097D4A1 /* lyrics_001_004.html */,
			);
			path = 004;
			sourceTree = "<group>";
		};
		5D34ACE41F1B36850097D4A1 /* 005 */ = {
			isa = PBXGroup;
			children = (
				5D34ACE51F1B36850097D4A1 /* lyrics_001_005.html */,
			);
			path = 005;
			sourceTree = "<group>";
		};
		5D34ACE61F1B36850097D4A1 /* 006 */ = {
			isa = PBXGroup;
			children = (
				5D34ACE71F1B36850097D4A1 /* lyrics_001_006.html */,
			);
			path = 006;
			sourceTree = "<group>";
		};
		5D34ACE81F1B36850097D4A1 /* 007 */ = {
			isa = PBXGroup;
			children = (
				5D34ACE91F1B36850097D4A1 /* lyrics_001_007.html */,
			);
			path = 007;
			sourceTree = "<group>";
		};
		5D34ACEA1F1B36850097D4A1 /* 008 */ = {
			isa = PBXGroup;
			children = (
				5D34ACEB1F1B36850097D4A1 /* lyrics_001_008.html */,
			);
			path = 008;
			sourceTree = "<group>";
		};
		5D34ACEC1F1B36850097D4A1 /* 009 */ = {
			isa = PBXGroup;
			children = (
				5D34ACED1F1B36850097D4A1 /* lyrics_001_009.html */,
			);
			path = 009;
			sourceTree = "<group>";
		};
		5D34ACEF1F1B36850097D4A1 /* 002 */ = {
			isa = PBXGroup;
			children = (
				5D34ACF01F1B36850097D4A1 /* 001 */,
				5D34ACF21F1B36850097D4A1 /* 002 */,
				5D34ACF41F1B36850097D4A1 /* 003 */,
				5D34ACF61F1B36850097D4A1 /* 004 */,
				5D34ACF81F1B36850097D4A1 /* 005 */,
				5D34ACFA1F1B36850097D4A1 /* 006 */,
				5D34ACFC1F1B36850097D4A1 /* 007 */,
				5D34ACFE1F1B36850097D4A1 /* 008 */,
				5D34AD001F1B36850097D4A1 /* 009 */,
				5D34AD021F1B36850097D4A1 /* 010 */,
				5D34AD041F1B36850097D4A1 /* 011 */,
				5D34AD061F1B36850097D4A1 /* 012 */,
				5D34AD081F1B36850097D4A1 /* 013 */,
				5D34AD0A1F1B36850097D4A1 /* 014 */,
				5D34AD0C1F1B36850097D4A1 /* 015 */,
				5D34AD0E1F1B36850097D4A1 /* 016 */,
				5D34AD101F1B36850097D4A1 /* albumDetails_002.json */,
			);
			path = 002;
			sourceTree = "<group>";
		};
		5D34ACF01F1B36850097D4A1 /* 001 */ = {
			isa = PBXGroup;
			children = (
				5D34ACF11F1B36850097D4A1 /* lyrics_002_001.html */,
			);
			path = 001;
			sourceTree = "<group>";
		};
		5D34ACF21F1B36850097D4A1 /* 002 */ = {
			isa = PBXGroup;
			children = (
				5D34ACF31F1B36850097D4A1 /* lyrics_002_002.html */,
			);
			path = 002;
			sourceTree = "<group>";
		};
		5D34ACF41F1B36850097D4A1 /* 003 */ = {
			isa = PBXGroup;
			children = (
				5D34ACF51F1B36850097D4A1 /* lyrics_002_003.html */,
			);
			path = 003;
			sourceTree = "<group>";
		};
		5D34ACF61F1B36850097D4A1 /* 004 */ = {
			isa = PBXGroup;
			children = (
				5D34ACF71F1B36850097D4A1 /* lyrics_002_004.html */,
			);
			path = 004;
			sourceTree = "<group>";
		};
		5D34ACF81F1B36850097D4A1 /* 005 */ = {
			isa = PBXGroup;
			children = (
				5D34ACF91F1B36850097D4A1 /* lyrics_002_005.html */,
			);
			path = 005;
			sourceTree = "<group>";
		};
		5D34ACFA1F1B36850097D4A1 /* 006 */ = {
			isa = PBXGroup;
			children = (
				5D34ACFB1F1B36850097D4A1 /* lyrics_002_006.html */,
			);
			path = 006;
			sourceTree = "<group>";
		};
		5D34ACFC1F1B36850097D4A1 /* 007 */ = {
			isa = PBXGroup;
			children = (
				5D34ACFD1F1B36850097D4A1 /* lyrics_002_007.html */,
			);
			path = 007;
			sourceTree = "<group>";
		};
		5D34ACFE1F1B36850097D4A1 /* 008 */ = {
			isa = PBXGroup;
			children = (
				5D34ACFF1F1B36850097D4A1 /* lyrics_002_008.html */,
			);
			path = 008;
			sourceTree = "<group>";
		};
		5D34AD001F1B36850097D4A1 /* 009 */ = {
			isa = PBXGroup;
			children = (
				5D34AD011F1B36850097D4A1 /* lyrics_002_009.html */,
			);
			path = 009;
			sourceTree = "<group>";
		};
		5D34AD021F1B36850097D4A1 /* 010 */ = {
			isa = PBXGroup;
			children = (
				5D34AD031F1B36850097D4A1 /* lyrics_002_010.html */,
			);
			path = 010;
			sourceTree = "<group>";
		};
		5D34AD041F1B36850097D4A1 /* 011 */ = {
			isa = PBXGroup;
			children = (
				5D34AD051F1B36850097D4A1 /* lyrics_002_011.html */,
			);
			path = 011;
			sourceTree = "<group>";
		};
		5D34AD061F1B36850097D4A1 /* 012 */ = {
			isa = PBXGroup;
			children = (
				5D34AD071F1B36850097D4A1 /* lyrics_002_012.html */,
			);
			path = 012;
			sourceTree = "<group>";
		};
		5D34AD081F1B36850097D4A1 /* 013 */ = {
			isa = PBXGroup;
			children = (
				5D34AD091F1B36850097D4A1 /* lyrics_002_013.html */,
			);
			path = 013;
			sourceTree = "<group>";
		};
		5D34AD0A1F1B36850097D4A1 /* 014 */ = {
			isa = PBXGroup;
			children = (
				5D34AD0B1F1B36850097D4A1 /* lyrics_002_014.html */,
			);
			path = 014;
			sourceTree = "<group>";
		};
		5D34AD0C1F1B36850097D4A1 /* 015 */ = {
			isa = PBXGroup;
			children = (
				5D34AD0D1F1B36850097D4A1 /* lyrics_002_015.html */,
			);
			path = 015;
			sourceTree = "<group>";
		};
		5D34AD0E1F1B36850097D4A1 /* 016 */ = {
			isa = PBXGroup;
			children = (
				5D34AD0F1F1B36850097D4A1 /* lyrics_002_016.html */,
			);
			path = 016;
			sourceTree = "<group>";
		};
		5D34AD111F1B36850097D4A1 /* 003 */ = {
			isa = PBXGroup;
			children = (
				5D34AD121F1B36850097D4A1 /* 001 */,
				5D34AD141F1B36850097D4A1 /* 002 */,
				5D34AD161F1B36850097D4A1 /* 003 */,
				5D34AD181F1B36850097D4A1 /* 004 */,
				5D34AD1A1F1B36850097D4A1 /* 005 */,
				5D34AD1C1F1B36850097D4A1 /* 006 */,
				5D34AD1E1F1B36850097D4A1 /* albumDetails_003.json */,
			);
			path = 003;
			sourceTree = "<group>";
		};
		5D34AD121F1B36850097D4A1 /* 001 */ = {
			isa = PBXGroup;
			children = (
				5D34AD131F1B36850097D4A1 /* lyrics_003_001.html */,
			);
			path = 001;
			sourceTree = "<group>";
		};
		5D34AD141F1B36850097D4A1 /* 002 */ = {
			isa = PBXGroup;
			children = (
				5D34AD151F1B36850097D4A1 /* lyrics_003_002.html */,
			);
			path = 002;
			sourceTree = "<group>";
		};
		5D34AD161F1B36850097D4A1 /* 003 */ = {
			isa = PBXGroup;
			children = (
				5D34AD171F1B36850097D4A1 /* lyrics_003_003.html */,
			);
			path = 003;
			sourceTree = "<group>";
		};
		5D34AD181F1B36850097D4A1 /* 004 */ = {
			isa = PBXGroup;
			children = (
				5D34AD191F1B36850097D4A1 /* lyrics_003_004.html */,
			);
			path = 004;
			sourceTree = "<group>";
		};
		5D34AD1A1F1B36850097D4A1 /* 005 */ = {
			isa = PBXGroup;
			children = (
				5D34AD1B1F1B36850097D4A1 /* lyrics_003_005.html */,
			);
			path = 005;
			sourceTree = "<group>";
		};
		5D34AD1C1F1B36850097D4A1 /* 006 */ = {
			isa = PBXGroup;
			children = (
				5D34AD1D1F1B36850097D4A1 /* lyrics_003_006.html */,
			);
			path = 006;
			sourceTree = "<group>";
		};
		5D34AD1F1F1B36850097D4A1 /* 004 */ = {
			isa = PBXGroup;
			children = (
				5D34AD201F1B36850097D4A1 /* 001 */,
				5D34AD221F1B36850097D4A1 /* 002 */,
				5D34AD241F1B36850097D4A1 /* 003 */,
				5D34AD261F1B36850097D4A1 /* 004 */,
				5D34AD281F1B36850097D4A1 /* 005 */,
				5D34AD2A1F1B36850097D4A1 /* 006 */,
				5D34AD2C1F1B36850097D4A1 /* 007 */,
				5D34AD2E1F1B36850097D4A1 /* albumDetails_004.json */,
			);
			path = 004;
			sourceTree = "<group>";
		};
		5D34AD201F1B36850097D4A1 /* 001 */ = {
			isa = PBXGroup;
			children = (
				5D34AD211F1B36850097D4A1 /* lyrics_004_001.html */,
			);
			path = 001;
			sourceTree = "<group>";
		};
		5D34AD221F1B36850097D4A1 /* 002 */ = {
			isa = PBXGroup;
			children = (
				5D34AD231F1B36850097D4A1 /* lyrics_004_002.html */,
			);
			path = 002;
			sourceTree = "<group>";
		};
		5D34AD241F1B36850097D4A1 /* 003 */ = {
			isa = PBXGroup;
			children = (
				5D34AD251F1B36850097D4A1 /* lyrics_004_003.html */,
			);
			path = 003;
			sourceTree = "<group>";
		};
		5D34AD261F1B36850097D4A1 /* 004 */ = {
			isa = PBXGroup;
			children = (
				5D34AD271F1B36850097D4A1 /* lyrics_004_004.html */,
			);
			path = 004;
			sourceTree = "<group>";
		};
		5D34AD281F1B36850097D4A1 /* 005 */ = {
			isa = PBXGroup;
			children = (
				5D34AD291F1B36850097D4A1 /* lyrics_004_005.html */,
			);
			path = 005;
			sourceTree = "<group>";
		};
		5D34AD2A1F1B36850097D4A1 /* 006 */ = {
			isa = PBXGroup;
			children = (
				5D34AD2B1F1B36850097D4A1 /* lyrics_004_006.html */,
			);
			path = 006;
			sourceTree = "<group>";
		};
		5D34AD2C1F1B36850097D4A1 /* 007 */ = {
			isa = PBXGroup;
			children = (
				5D34AD2D1F1B36850097D4A1 /* lyrics_004_007.html */,
			);
			path = 007;
			sourceTree = "<group>";
		};
		5D34AD2F1F1B36850097D4A1 /* 005 */ = {
			isa = PBXGroup;
			children = (
				5D34AD301F1B36850097D4A1 /* 001 */,
				5D34AD321F1B36850097D4A1 /* 002 */,
				5D34AD341F1B36850097D4A1 /* 003 */,
				5D34AD361F1B36850097D4A1 /* 004 */,
				5D34AD381F1B36850097D4A1 /* 005 */,
				5D34AD3A1F1B36850097D4A1 /* 006 */,
				5D34AD3C1F1B36850097D4A1 /* albumDetails_005.json */,
			);
			path = 005;
			sourceTree = "<group>";
		};
		5D34AD301F1B36850097D4A1 /* 001 */ = {
			isa = PBXGroup;
			children = (
				5D34AD311F1B36850097D4A1 /* lyrics_005_001.html */,
			);
			path = 001;
			sourceTree = "<group>";
		};
		5D34AD321F1B36850097D4A1 /* 002 */ = {
			isa = PBXGroup;
			children = (
				5D34AD331F1B36850097D4A1 /* lyrics_005_002.html */,
			);
			path = 002;
			sourceTree = "<group>";
		};
		5D34AD341F1B36850097D4A1 /* 003 */ = {
			isa = PBXGroup;
			children = (
				5D34AD351F1B36850097D4A1 /* lyrics_005_003.html */,
			);
			path = 003;
			sourceTree = "<group>";
		};
		5D34AD361F1B36850097D4A1 /* 004 */ = {
			isa = PBXGroup;
			children = (
				5D34AD371F1B36850097D4A1 /* lyrics_005_004.html */,
			);
			path = 004;
			sourceTree = "<group>";
		};
		5D34AD381F1B36850097D4A1 /* 005 */ = {
			isa = PBXGroup;
			children = (
				5D34AD391F1B36850097D4A1 /* lyrics_005_005.html */,
			);
			path = 005;
			sourceTree = "<group>";
		};
		5D34AD3A1F1B36850097D4A1 /* 006 */ = {
			isa = PBXGroup;
			children = (
				5D34AD3B1F1B36850097D4A1 /* lyrics_005_006.html */,
			);
			path = 006;
			sourceTree = "<group>";
		};
		5D34AD3D1F1B36850097D4A1 /* 009 */ = {
			isa = PBXGroup;
			children = (
				5D34AD3E1F1B36850097D4A1 /* 001 */,
				5D34AD401F1B36850097D4A1 /* 002 */,
				5D34AD421F1B36850097D4A1 /* 003 */,
				5D34AD441F1B36850097D4A1 /* 004 */,
				5D34AD461F1B36850097D4A1 /* 005 */,
				5D34AD481F1B36850097D4A1 /* 006 */,
				5D34AD4A1F1B36850097D4A1 /* albumDetails_009.json */,
			);
			path = 009;
			sourceTree = "<group>";
		};
		5D34AD3E1F1B36850097D4A1 /* 001 */ = {
			isa = PBXGroup;
			children = (
				5D34AD3F1F1B36850097D4A1 /* lyrics_009_001.html */,
			);
			path = 001;
			sourceTree = "<group>";
		};
		5D34AD401F1B36850097D4A1 /* 002 */ = {
			isa = PBXGroup;
			children = (
				5D34AD411F1B36850097D4A1 /* lyrics_009_002.html */,
			);
			path = 002;
			sourceTree = "<group>";
		};
		5D34AD421F1B36850097D4A1 /* 003 */ = {
			isa = PBXGroup;
			children = (
				5D34AD431F1B36850097D4A1 /* lyrics_009_003.html */,
			);
			path = 003;
			sourceTree = "<group>";
		};
		5D34AD441F1B36850097D4A1 /* 004 */ = {
			isa = PBXGroup;
			children = (
				5D34AD451F1B36850097D4A1 /* lyrics_009_004.html */,
			);
			path = 004;
			sourceTree = "<group>";
		};
		5D34AD461F1B36850097D4A1 /* 005 */ = {
			isa = PBXGroup;
			children = (
				5D34AD471F1B36850097D4A1 /* lyrics_009_005.html */,
			);
			path = 005;
			sourceTree = "<group>";
		};
		5D34AD481F1B36850097D4A1 /* 006 */ = {
			isa = PBXGroup;
			children = (
				5D34AD491F1B36850097D4A1 /* lyrics_009_006.html */,
			);
			path = 006;
			sourceTree = "<group>";
		};
		5D34AD4B1F1B36850097D4A1 /* 010 */ = {
			isa = PBXGroup;
			children = (
				5D34AD4C1F1B36850097D4A1 /* 001 */,
				5D34AD4E1F1B36850097D4A1 /* 002 */,
				5D34AD501F1B36850097D4A1 /* 003 */,
				5D34AD521F1B36850097D4A1 /* 004 */,
				5D34AD541F1B36850097D4A1 /* 005 */,
				5D34AD561F1B36850097D4A1 /* 006 */,
				5D34AD581F1B36850097D4A1 /* 007 */,
				5D34AD5A1F1B36850097D4A1 /* 008 */,
				5D34AD5C1F1B36850097D4A1 /* 009 */,
				5D34AD5E1F1B36850097D4A1 /* 010 */,
				5D34AD601F1B36850097D4A1 /* 011 */,
				5D34AD621F1B36850097D4A1 /* 012 */,
				5D34AD641F1B36850097D4A1 /* 013 */,
				5D34AD661F1B36850097D4A1 /* 014 */,
				5D34AD681F1B36850097D4A1 /* albumDetails_010.json */,
			);
			path = 010;
			sourceTree = "<group>";
		};
		5D34AD4C1F1B36850097D4A1 /* 001 */ = {
			isa = PBXGroup;
			children = (
				5D34AD4D1F1B36850097D4A1 /* lyrics_010_001.html */,
			);
			path = 001;
			sourceTree = "<group>";
		};
		5D34AD4E1F1B36850097D4A1 /* 002 */ = {
			isa = PBXGroup;
			children = (
				5D34AD4F1F1B36850097D4A1 /* lyrics_010_002.html */,
			);
			path = 002;
			sourceTree = "<group>";
		};
		5D34AD501F1B36850097D4A1 /* 003 */ = {
			isa = PBXGroup;
			children = (
				5D34AD511F1B36850097D4A1 /* lyrics_010_003.html */,
			);
			path = 003;
			sourceTree = "<group>";
		};
		5D34AD521F1B36850097D4A1 /* 004 */ = {
			isa = PBXGroup;
			children = (
				5D34AD531F1B36850097D4A1 /* lyrics_010_004.html */,
			);
			path = 004;
			sourceTree = "<group>";
		};
		5D34AD541F1B36850097D4A1 /* 005 */ = {
			isa = PBXGroup;
			children = (
				5D34AD551F1B36850097D4A1 /* lyrics_010_005.html */,
			);
			path = 005;
			sourceTree = "<group>";
		};
		5D34AD561F1B36850097D4A1 /* 006 */ = {
			isa = PBXGroup;
			children = (
				5D34AD571F1B36850097D4A1 /* lyrics_010_006.html */,
			);
			path = 006;
			sourceTree = "<group>";
		};
		5D34AD581F1B36850097D4A1 /* 007 */ = {
			isa = PBXGroup;
			children = (
				5D34AD591F1B36850097D4A1 /* lyrics_010_007.html */,
			);
			path = 007;
			sourceTree = "<group>";
		};
		5D34AD5A1F1B36850097D4A1 /* 008 */ = {
			isa = PBXGroup;
			children = (
				5D34AD5B1F1B36850097D4A1 /* lyrics_010_008.html */,
			);
			path = 008;
			sourceTree = "<group>";
		};
		5D34AD5C1F1B36850097D4A1 /* 009 */ = {
			isa = PBXGroup;
			children = (
				5D34AD5D1F1B36850097D4A1 /* lyrics_010_009.html */,
			);
			path = 009;
			sourceTree = "<group>";
		};
		5D34AD5E1F1B36850097D4A1 /* 010 */ = {
			isa = PBXGroup;
			children = (
				5D34AD5F1F1B36850097D4A1 /* lyrics_010_010.html */,
			);
			path = 010;
			sourceTree = "<group>";
		};
		5D34AD601F1B36850097D4A1 /* 011 */ = {
			isa = PBXGroup;
			children = (
				5D34AD611F1B36850097D4A1 /* lyrics_010_011.html */,
			);
			path = 011;
			sourceTree = "<group>";
		};
		5D34AD621F1B36850097D4A1 /* 012 */ = {
			isa = PBXGroup;
			children = (
				5D34AD631F1B36850097D4A1 /* lyrics_010_012.html */,
			);
			path = 012;
			sourceTree = "<group>";
		};
		5D34AD641F1B36850097D4A1 /* 013 */ = {
			isa = PBXGroup;
			children = (
				5D34AD651F1B36850097D4A1 /* lyrics_010_013.html */,
			);
			path = 013;
			sourceTree = "<group>";
		};
		5D34AD661F1B36850097D4A1 /* 014 */ = {
			isa = PBXGroup;
			children = (
				5D34AD671F1B36850097D4A1 /* lyrics_010_014.html */,
			);
			path = 014;
			sourceTree = "<group>";
		};
		5D34AD691F1B36850097D4A1 /* 011 */ = {
			isa = PBXGroup;
			children = (
				5D34AD6A1F1B36850097D4A1 /* 001 */,
				5D34AD6C1F1B36850097D4A1 /* 002 */,
				5D34AD6E1F1B36850097D4A1 /* 003 */,
				5D34AD701F1B36850097D4A1 /* 004 */,
				5D34AD721F1B36850097D4A1 /* 005 */,
				5D34AD741F1B36850097D4A1 /* 006 */,
				5D34AD761F1B36850097D4A1 /* 007 */,
				5D34AD781F1B36850097D4A1 /* 008 */,
				5D34AD7A1F1B36850097D4A1 /* 009 */,
				5D34AD7C1F1B36850097D4A1 /* 010 */,
				5D34AD7E1F1B36850097D4A1 /* 011 */,
				5D34AD801F1B36850097D4A1 /* 012 */,
				5D34AD821F1B36850097D4A1 /* 013 */,
				5D34AD841F1B36850097D4A1 /* 014 */,
				5D34AD861F1B36850097D4A1 /* 015 */,
				5D34AD881F1B36850097D4A1 /* albumDetails_011.json */,
			);
			path = 011;
			sourceTree = "<group>";
		};
		5D34AD6A1F1B36850097D4A1 /* 001 */ = {
			isa = PBXGroup;
			children = (
				5D34AD6B1F1B36850097D4A1 /* lyrics_011_001.html */,
			);
			path = 001;
			sourceTree = "<group>";
		};
		5D34AD6C1F1B36850097D4A1 /* 002 */ = {
			isa = PBXGroup;
			children = (
				5D34AD6D1F1B36850097D4A1 /* lyrics_011_002.html */,
			);
			path = 002;
			sourceTree = "<group>";
		};
		5D34AD6E1F1B36850097D4A1 /* 003 */ = {
			isa = PBXGroup;
			children = (
				5D34AD6F1F1B36850097D4A1 /* lyrics_011_003.html */,
			);
			path = 003;
			sourceTree = "<group>";
		};
		5D34AD701F1B36850097D4A1 /* 004 */ = {
			isa = PBXGroup;
			children = (
				5D34AD711F1B36850097D4A1 /* lyrics_011_004.html */,
			);
			path = 004;
			sourceTree = "<group>";
		};
		5D34AD721F1B36850097D4A1 /* 005 */ = {
			isa = PBXGroup;
			children = (
				5D34AD731F1B36850097D4A1 /* lyrics_011_005.html */,
			);
			path = 005;
			sourceTree = "<group>";
		};
		5D34AD741F1B36850097D4A1 /* 006 */ = {
			isa = PBXGroup;
			children = (
				5D34AD751F1B36850097D4A1 /* lyrics_011_006.html */,
			);
			path = 006;
			sourceTree = "<group>";
		};
		5D34AD761F1B36850097D4A1 /* 007 */ = {
			isa = PBXGroup;
			children = (
				5D34AD771F1B36850097D4A1 /* lyrics_011_007.html */,
			);
			path = 007;
			sourceTree = "<group>";
		};
		5D34AD781F1B36850097D4A1 /* 008 */ = {
			isa = PBXGroup;
			children = (
				5D34AD791F1B36850097D4A1 /* lyrics_011_008.html */,
			);
			path = 008;
			sourceTree = "<group>";
		};
		5D34AD7A1F1B36850097D4A1 /* 009 */ = {
			isa = PBXGroup;
			children = (
				5D34AD7B1F1B36850097D4A1 /* lyrics_011_009.html */,
			);
			path = 009;
			sourceTree = "<group>";
		};
		5D34AD7C1F1B36850097D4A1 /* 010 */ = {
			isa = PBXGroup;
			children = (
				5D34AD7D1F1B36850097D4A1 /* lyrics_011_010.html */,
			);
			path = 010;
			sourceTree = "<group>";
		};
		5D34AD7E1F1B36850097D4A1 /* 011 */ = {
			isa = PBXGroup;
			children = (
				5D34AD7F1F1B36850097D4A1 /* lyrics_011_011.html */,
			);
			path = 011;
			sourceTree = "<group>";
		};
		5D34AD801F1B36850097D4A1 /* 012 */ = {
			isa = PBXGroup;
			children = (
				5D34AD811F1B36850097D4A1 /* lyrics_011_012.html */,
			);
			path = 012;
			sourceTree = "<group>";
		};
		5D34AD821F1B36850097D4A1 /* 013 */ = {
			isa = PBXGroup;
			children = (
				5D34AD831F1B36850097D4A1 /* lyrics_011_013.html */,
			);
			path = 013;
			sourceTree = "<group>";
		};
		5D34AD841F1B36850097D4A1 /* 014 */ = {
			isa = PBXGroup;
			children = (
				5D34AD851F1B36850097D4A1 /* lyrics_011_014.html */,
			);
			path = 014;
			sourceTree = "<group>";
		};
		5D34AD861F1B36850097D4A1 /* 015 */ = {
			isa = PBXGroup;
			children = (
				5D34AD871F1B36850097D4A1 /* lyrics_011_015.html */,
			);
			path = 015;
			sourceTree = "<group>";
		};
		90A990981F265F9E004E6991 /* Frameworks */ = {
			isa = PBXGroup;
			children = (
				90A9909B1F265FA3004E6991 /* AVKit.framework */,
				90A990991F265F9E004E6991 /* AVFoundation.framework */,
				E45FE135305BA3F1DA953649 /* libPods-Tungalahari.a */,
				F72E6C9CDA5BE971F5F4A136 /* libPods-TungalahariTests.a */,
				F0CE1202BCC1D8BB6510EFEB /* libPods-TungalahariUITests.a */,
			);
			name = Frameworks;
			sourceTree = "<group>";
		};
/* End PBXGroup section */

/* Begin PBXNativeTarget section */
		5D34AB871F1509FB0097D4A1 /* Tungalahari */ = {
			isa = PBXNativeTarget;
			buildConfigurationList = 5D34ABB51F1509FB0097D4A1 /* Build configuration list for PBXNativeTarget "Tungalahari" */;
			buildPhases = (
				5D34AB841F1509FB0097D4A1 /* Sources */,
				5D34AB851F1509FB0097D4A1 /* Frameworks */,
				5D34AB861F1509FB0097D4A1 /* Resources */,
			);
			buildRules = (
			);
			dependencies = (
			);
			name = Tungalahari;
			productName = Tungalahari;
			productReference = 5D34AB881F1509FB0097D4A1 /* Tungalahari.app */;
			productType = "com.apple.product-type.application";
		};
		5D34ABA01F1509FB0097D4A1 /* TungalahariTests */ = {
			isa = PBXNativeTarget;
			buildConfigurationList = 5D34ABB81F1509FB0097D4A1 /* Build configuration list for PBXNativeTarget "TungalahariTests" */;
			buildPhases = (
				945B953D1F9AE378294CD71B /* [CP] Check Pods Manifest.lock */,
				5D34AB9D1F1509FB0097D4A1 /* Sources */,
				5D34AB9E1F1509FB0097D4A1 /* Frameworks */,
				5D34AB9F1F1509FB0097D4A1 /* Resources */,
				5D3B1B34B6E4018CD345CE7C /* [CP] Embed Pods Frameworks */,
				8AEEA8C38C7E6FEF26641E5A /* [CP] Copy Pods Resources */,
			);
			buildRules = (
			);
			dependencies = (
				5D34ABA31F1509FB0097D4A1 /* PBXTargetDependency */,
			);
			name = TungalahariTests;
			productName = TungalahariTests;
			productReference = 5D34ABA11F1509FB0097D4A1 /* TungalahariTests.xctest */;
			productType = "com.apple.product-type.bundle.unit-test";
		};
		5D34ABAB1F1509FB0097D4A1 /* TungalahariUITests */ = {
			isa = PBXNativeTarget;
			buildConfigurationList = 5D34ABBB1F1509FB0097D4A1 /* Build configuration list for PBXNativeTarget "TungalahariUITests" */;
			buildPhases = (
				87B46A26546BFBE12C2917ED /* [CP] Check Pods Manifest.lock */,
				5D34ABA81F1509FB0097D4A1 /* Sources */,
				5D34ABA91F1509FB0097D4A1 /* Frameworks */,
				5D34ABAA1F1509FB0097D4A1 /* Resources */,
				F99F27C35D171E30D83DFEEF /* [CP] Embed Pods Frameworks */,
				1624550771CA0C8E36E914E4 /* [CP] Copy Pods Resources */,
			);
			buildRules = (
			);
			dependencies = (
				5D34ABAE1F1509FB0097D4A1 /* PBXTargetDependency */,
			);
			name = TungalahariUITests;
			productName = TungalahariUITests;
			productReference = 5D34ABAC1F1509FB0097D4A1 /* TungalahariUITests.xctest */;
			productType = "com.apple.product-type.bundle.ui-testing";
		};
/* End PBXNativeTarget section */

/* Begin PBXProject section */
		5D34AB801F1509FB0097D4A1 /* Project object */ = {
			isa = PBXProject;
			attributes = {
				LastUpgradeCheck = 0830;
				ORGANIZATIONNAME = srirangadigital;
				TargetAttributes = {
					5D34AB871F1509FB0097D4A1 = {
						CreatedOnToolsVersion = 8.3.3;
						DevelopmentTeam = L8JSCA8WK4;
						ProvisioningStyle = Automatic;
						SystemCapabilities = {
							com.apple.BackgroundModes = {
								enabled = 1;
							};
						};
					};
					5D34ABA01F1509FB0097D4A1 = {
						CreatedOnToolsVersion = 8.3.3;
						DevelopmentTeam = L8JSCA8WK4;
						ProvisioningStyle = Automatic;
						TestTargetID = 5D34AB871F1509FB0097D4A1;
					};
					5D34ABAB1F1509FB0097D4A1 = {
						CreatedOnToolsVersion = 8.3.3;
						DevelopmentTeam = L8JSCA8WK4;
						ProvisioningStyle = Automatic;
						TestTargetID = 5D34AB871F1509FB0097D4A1;
					};
				};
			};
			buildConfigurationList = 5D34AB831F1509FB0097D4A1 /* Build configuration list for PBXProject "Tungalahari" */;
			compatibilityVersion = "Xcode 3.2";
			developmentRegion = English;
			hasScannedForEncodings = 0;
			knownRegions = (
				en,
				Base,
			);
			mainGroup = 5D34AB7F1F1509FB0097D4A1;
			productRefGroup = 5D34AB891F1509FB0097D4A1 /* Products */;
			projectDirPath = "";
			projectRoot = "";
			targets = (
				5D34AB871F1509FB0097D4A1 /* Tungalahari */,
				5D34ABA01F1509FB0097D4A1 /* TungalahariTests */,
				5D34ABAB1F1509FB0097D4A1 /* TungalahariUITests */,
			);
		};
/* End PBXProject section */

/* Begin PBXResourcesBuildPhase section */
		5D34AB861F1509FB0097D4A1 /* Resources */ = {
			isa = PBXResourcesBuildPhase;
			buildActionMask = 2147483647;
			files = (
				5D34ADD01F1B36850097D4A1 /* albumDetails_010.json in Resources */,
				5D34ADC41F1B36850097D4A1 /* lyrics_010_003.html in Resources */,
				5D34ADA71F1B36850097D4A1 /* lyrics_003_003.html in Resources */,
				5D34ADDB1F1B36850097D4A1 /* lyrics_011_011.html in Resources */,
				5D34ADBB1F1B36850097D4A1 /* lyrics_009_001.html in Resources */,
				5D34ADA81F1B36850097D4A1 /* lyrics_003_004.html in Resources */,
				5D34ADC11F1B36850097D4A1 /* albumDetails_009.json in Resources */,
				5D34AD921F1B36850097D4A1 /* lyrics_001_009.html in Resources */,
				5D34ADAA1F1B36850097D4A1 /* lyrics_003_006.html in Resources */,
				5D34AD9D1F1B36850097D4A1 /* lyrics_002_010.html in Resources */,
				5D34AD991F1B36850097D4A1 /* lyrics_002_006.html in Resources */,
				5D34ADCB1F1B36850097D4A1 /* lyrics_010_010.html in Resources */,
				5D34ADD31F1B36850097D4A1 /* lyrics_011_003.html in Resources */,
				5D34ADB91F1B36850097D4A1 /* lyrics_005_006.html in Resources */,
				5D34AD911F1B36850097D4A1 /* lyrics_001_008.html in Resources */,
				5D34AD8E1F1B36850097D4A1 /* lyrics_001_005.html in Resources */,
				5D34AD8C1F1B36850097D4A1 /* lyrics_001_003.html in Resources */,
				5D34ADDE1F1B36850097D4A1 /* lyrics_011_014.html in Resources */,
				5D34ADBD1F1B36850097D4A1 /* lyrics_009_003.html in Resources */,
				5D34ADCE1F1B36850097D4A1 /* lyrics_010_013.html in Resources */,
				5D34ADAF1F1B36850097D4A1 /* lyrics_004_004.html in Resources */,
				5D34ADA21F1B36850097D4A1 /* lyrics_002_015.html in Resources */,
				5D34ADBC1F1B36850097D4A1 /* lyrics_009_002.html in Resources */,
				5D34ADB31F1B36850097D4A1 /* albumDetails_004.json in Resources */,
				5D34ADBF1F1B36850097D4A1 /* lyrics_009_005.html in Resources */,
				5D34AD901F1B36850097D4A1 /* lyrics_001_007.html in Resources */,
				5D34ADC51F1B36850097D4A1 /* lyrics_010_004.html in Resources */,
				5D34AD8A1F1B36850097D4A1 /* lyrics_001_001.html in Resources */,
				5D34ADC31F1B36850097D4A1 /* lyrics_010_002.html in Resources */,
				5D34ADC21F1B36850097D4A1 /* lyrics_010_001.html in Resources */,
				5D34ADA01F1B36850097D4A1 /* lyrics_002_013.html in Resources */,
				5D34ADDF1F1B36850097D4A1 /* lyrics_011_015.html in Resources */,
				5D34ADB11F1B36850097D4A1 /* lyrics_004_006.html in Resources */,
				5D34ADB81F1B36850097D4A1 /* lyrics_005_005.html in Resources */,
				5D34ADAC1F1B36850097D4A1 /* lyrics_004_001.html in Resources */,
				5D34ADAB1F1B36850097D4A1 /* albumDetails_003.json in Resources */,
				5D34ADA51F1B36850097D4A1 /* lyrics_003_001.html in Resources */,
				5D34AD9A1F1B36850097D4A1 /* lyrics_002_007.html in Resources */,
				5D34ADA41F1B36850097D4A1 /* albumDetails_002.json in Resources */,
				5D34ADD11F1B36850097D4A1 /* lyrics_011_001.html in Resources */,
				5D34ADA11F1B36850097D4A1 /* lyrics_002_014.html in Resources */,
				5D34AD971F1B36850097D4A1 /* lyrics_002_004.html in Resources */,
				5D34ADA61F1B36850097D4A1 /* lyrics_003_002.html in Resources */,
				5D34AD9F1F1B36850097D4A1 /* lyrics_002_012.html in Resources */,
				5D34AD8F1F1B36850097D4A1 /* lyrics_001_006.html in Resources */,
				5D34ADB71F1B36850097D4A1 /* lyrics_005_004.html in Resources */,
				5D34ADC81F1B36850097D4A1 /* lyrics_010_007.html in Resources */,
				5D34AB9B1F1509FB0097D4A1 /* LaunchScreen.storyboard in Resources */,
				5D34AD8D1F1B36850097D4A1 /* lyrics_001_004.html in Resources */,
				5D34ADAE1F1B36850097D4A1 /* lyrics_004_003.html in Resources */,
				5D34ADCC1F1B36850097D4A1 /* lyrics_010_011.html in Resources */,
				5D34AD8B1F1B36850097D4A1 /* lyrics_001_002.html in Resources */,
				5D34ADD91F1B36850097D4A1 /* lyrics_011_009.html in Resources */,
				5D34ADB21F1B36850097D4A1 /* lyrics_004_007.html in Resources */,
				5D34ADD61F1B36850097D4A1 /* lyrics_011_006.html in Resources */,
				5D34ADDC1F1B36850097D4A1 /* lyrics_011_012.html in Resources */,
				5D34ADCA1F1B36850097D4A1 /* lyrics_010_009.html in Resources */,
				5D34AB981F1509FB0097D4A1 /* Assets.xcassets in Resources */,
				5D34AD941F1B36850097D4A1 /* lyrics_002_001.html in Resources */,
				5D34ADC71F1B36850097D4A1 /* lyrics_010_006.html in Resources */,
				5D34AD951F1B36850097D4A1 /* lyrics_002_002.html in Resources */,
				5D34ADB61F1B36850097D4A1 /* lyrics_005_003.html in Resources */,
				5D34ADD41F1B36850097D4A1 /* lyrics_011_004.html in Resources */,
				5D34ADB41F1B36850097D4A1 /* lyrics_005_001.html in Resources */,
				5D34ADC61F1B36850097D4A1 /* lyrics_010_005.html in Resources */,
				5D34ADCD1F1B36850097D4A1 /* lyrics_010_012.html in Resources */,
				5D34ADA91F1B36850097D4A1 /* lyrics_003_005.html in Resources */,
				5D34ADBA1F1B36850097D4A1 /* albumDetails_005.json in Resources */,
				5D34ADDD1F1B36850097D4A1 /* lyrics_011_013.html in Resources */,
				5D34ADCF1F1B36850097D4A1 /* lyrics_010_014.html in Resources */,
				5D34ADAD1F1B36850097D4A1 /* lyrics_004_002.html in Resources */,
				5D34ADB01F1B36850097D4A1 /* lyrics_004_005.html in Resources */,
				5D34ADD51F1B36850097D4A1 /* lyrics_011_005.html in Resources */,
				5D34ADE11F1B36850097D4A1 /* albums.json in Resources */,
				5D34ADB51F1B36850097D4A1 /* lyrics_005_002.html in Resources */,
				5D34ADDA1F1B36850097D4A1 /* lyrics_011_010.html in Resources */,
				5D34ADBE1F1B36850097D4A1 /* lyrics_009_004.html in Resources */,
				5D34AD931F1B36850097D4A1 /* albumDetails_001.json in Resources */,
				5D34AD981F1B36850097D4A1 /* lyrics_002_005.html in Resources */,
				5D34ADA31F1B36850097D4A1 /* lyrics_002_016.html in Resources */,
				5D34ADD81F1B36850097D4A1 /* lyrics_011_008.html in Resources */,
				5D34ADC91F1B36850097D4A1 /* lyrics_010_008.html in Resources */,
				5D34AD9B1F1B36850097D4A1 /* lyrics_002_008.html in Resources */,
				5D34ADD71F1B36850097D4A1 /* lyrics_011_007.html in Resources */,
				5D34AD9C1F1B36850097D4A1 /* lyrics_002_009.html in Resources */,
				5D34AB961F1509FB0097D4A1 /* Main.storyboard in Resources */,
				5D34ADE01F1B36850097D4A1 /* albumDetails_011.json in Resources */,
				5D34AD9E1F1B36850097D4A1 /* lyrics_002_011.html in Resources */,
				5D34AD961F1B36850097D4A1 /* lyrics_002_003.html in Resources */,
				5D34ADD21F1B36850097D4A1 /* lyrics_011_002.html in Resources */,
				5D34ADC01F1B36850097D4A1 /* lyrics_009_006.html in Resources */,
			);
			runOnlyForDeploymentPostprocessing = 0;
		};
		5D34AB9F1F1509FB0097D4A1 /* Resources */ = {
			isa = PBXResourcesBuildPhase;
			buildActionMask = 2147483647;
			files = (
			);
			runOnlyForDeploymentPostprocessing = 0;
		};
		5D34ABAA1F1509FB0097D4A1 /* Resources */ = {
			isa = PBXResourcesBuildPhase;
			buildActionMask = 2147483647;
			files = (
			);
			runOnlyForDeploymentPostprocessing = 0;
		};
/* End PBXResourcesBuildPhase section */

/* Begin PBXShellScriptBuildPhase section */
		1624550771CA0C8E36E914E4 /* [CP] Copy Pods Resources */ = {
			isa = PBXShellScriptBuildPhase;
			buildActionMask = 2147483647;
			files = (
			);
			inputPaths = (
			);
			name = "[CP] Copy Pods Resources";
			outputPaths = (
			);
			runOnlyForDeploymentPostprocessing = 0;
			shellPath = /bin/sh;
			shellScript = "\"${SRCROOT}/Pods/Target Support Files/Pods-TungalahariUITests/Pods-TungalahariUITests-resources.sh\"\n";
			showEnvVarsInLog = 0;
		};
		5D3B1B34B6E4018CD345CE7C /* [CP] Embed Pods Frameworks */ = {
			isa = PBXShellScriptBuildPhase;
			buildActionMask = 2147483647;
			files = (
			);
			inputPaths = (
			);
			name = "[CP] Embed Pods Frameworks";
			outputPaths = (
			);
			runOnlyForDeploymentPostprocessing = 0;
			shellPath = /bin/sh;
			shellScript = "\"${SRCROOT}/Pods/Target Support Files/Pods-TungalahariTests/Pods-TungalahariTests-frameworks.sh\"\n";
			showEnvVarsInLog = 0;
		};
		87B46A26546BFBE12C2917ED /* [CP] Check Pods Manifest.lock */ = {
			isa = PBXShellScriptBuildPhase;
			buildActionMask = 2147483647;
			files = (
			);
			inputPaths = (
				"${PODS_PODFILE_DIR_PATH}/Podfile.lock",
				"${PODS_ROOT}/Manifest.lock",
			);
			name = "[CP] Check Pods Manifest.lock";
			outputPaths = (
				"$(DERIVED_FILE_DIR)/Pods-TungalahariUITests-checkManifestLockResult.txt",
			);
			runOnlyForDeploymentPostprocessing = 0;
			shellPath = /bin/sh;
			shellScript = "diff \"${PODS_PODFILE_DIR_PATH}/Podfile.lock\" \"${PODS_ROOT}/Manifest.lock\" > /dev/null\nif [ $? != 0 ] ; then\n    # print error to STDERR\n    echo \"error: The sandbox is not in sync with the Podfile.lock. Run 'pod install' or update your CocoaPods installation.\" >&2\n    exit 1\nfi\n# This output is used by Xcode 'outputs' to avoid re-running this script phase.\necho \"SUCCESS\" > \"${SCRIPT_OUTPUT_FILE_0}\"\n";
			showEnvVarsInLog = 0;
		};
		8AEEA8C38C7E6FEF26641E5A /* [CP] Copy Pods Resources */ = {
			isa = PBXShellScriptBuildPhase;
			buildActionMask = 2147483647;
			files = (
			);
			inputPaths = (
			);
			name = "[CP] Copy Pods Resources";
			outputPaths = (
			);
			runOnlyForDeploymentPostprocessing = 0;
			shellPath = /bin/sh;
			shellScript = "\"${SRCROOT}/Pods/Target Support Files/Pods-TungalahariTests/Pods-TungalahariTests-resources.sh\"\n";
			showEnvVarsInLog = 0;
		};
		945B953D1F9AE378294CD71B /* [CP] Check Pods Manifest.lock */ = {
			isa = PBXShellScriptBuildPhase;
			buildActionMask = 2147483647;
			files = (
			);
			inputPaths = (
				"${PODS_PODFILE_DIR_PATH}/Podfile.lock",
				"${PODS_ROOT}/Manifest.lock",
			);
			name = "[CP] Check Pods Manifest.lock";
			outputPaths = (
				"$(DERIVED_FILE_DIR)/Pods-TungalahariTests-checkManifestLockResult.txt",
			);
			runOnlyForDeploymentPostprocessing = 0;
			shellPath = /bin/sh;
			shellScript = "diff \"${PODS_PODFILE_DIR_PATH}/Podfile.lock\" \"${PODS_ROOT}/Manifest.lock\" > /dev/null\nif [ $? != 0 ] ; then\n    # print error to STDERR\n    echo \"error: The sandbox is not in sync with the Podfile.lock. Run 'pod install' or update your CocoaPods installation.\" >&2\n    exit 1\nfi\n# This output is used by Xcode 'outputs' to avoid re-running this script phase.\necho \"SUCCESS\" > \"${SCRIPT_OUTPUT_FILE_0}\"\n";
			showEnvVarsInLog = 0;
		};
		F99F27C35D171E30D83DFEEF /* [CP] Embed Pods Frameworks */ = {
			isa = PBXShellScriptBuildPhase;
			buildActionMask = 2147483647;
			files = (
			);
			inputPaths = (
			);
			name = "[CP] Embed Pods Frameworks";
			outputPaths = (
			);
			runOnlyForDeploymentPostprocessing = 0;
			shellPath = /bin/sh;
			shellScript = "\"${SRCROOT}/Pods/Target Support Files/Pods-TungalahariUITests/Pods-TungalahariUITests-frameworks.sh\"\n";
			showEnvVarsInLog = 0;
		};
/* End PBXShellScriptBuildPhase section */

/* Begin PBXSourcesBuildPhase section */
		5D34AB841F1509FB0097D4A1 /* Sources */ = {
			isa = PBXSourcesBuildPhase;
			buildActionMask = 2147483647;
			files = (
				5D34ADE41F1B39960097D4A1 /* Song.m in Sources */,
				5D34ABC01F150A320097D4A1 /* AlbumViewController.m in Sources */,
				5D34AB931F1509FB0097D4A1 /* MainViewController.m in Sources */,
				5D34AB901F1509FB0097D4A1 /* AppDelegate.m in Sources */,
				905DE5D41F6435160042BCF5 /* MediaPlayerViewController.m in Sources */,
				5D34ACD91F1521F00097D4A1 /* Album.m in Sources */,
				5D34AB8D1F1509FB0097D4A1 /* main.m in Sources */,
			);
			runOnlyForDeploymentPostprocessing = 0;
		};
		5D34AB9D1F1509FB0097D4A1 /* Sources */ = {
			isa = PBXSourcesBuildPhase;
			buildActionMask = 2147483647;
			files = (
				5D34ABA61F1509FB0097D4A1 /* TungalahariTests.m in Sources */,
			);
			runOnlyForDeploymentPostprocessing = 0;
		};
		5D34ABA81F1509FB0097D4A1 /* Sources */ = {
			isa = PBXSourcesBuildPhase;
			buildActionMask = 2147483647;
			files = (
				5D34ABB11F1509FB0097D4A1 /* TungalahariUITests.m in Sources */,
			);
			runOnlyForDeploymentPostprocessing = 0;
		};
/* End PBXSourcesBuildPhase section */

/* Begin PBXTargetDependency section */
		5D34ABA31F1509FB0097D4A1 /* PBXTargetDependency */ = {
			isa = PBXTargetDependency;
			target = 5D34AB871F1509FB0097D4A1 /* Tungalahari */;
			targetProxy = 5D34ABA21F1509FB0097D4A1 /* PBXContainerItemProxy */;
		};
		5D34ABAE1F1509FB0097D4A1 /* PBXTargetDependency */ = {
			isa = PBXTargetDependency;
			target = 5D34AB871F1509FB0097D4A1 /* Tungalahari */;
			targetProxy = 5D34ABAD1F1509FB0097D4A1 /* PBXContainerItemProxy */;
		};
/* End PBXTargetDependency section */

/* Begin PBXVariantGroup section */
		5D34AB941F1509FB0097D4A1 /* Main.storyboard */ = {
			isa = PBXVariantGroup;
			children = (
				5D34AB951F1509FB0097D4A1 /* Base */,
			);
			name = Main.storyboard;
			sourceTree = "<group>";
		};
		5D34AB991F1509FB0097D4A1 /* LaunchScreen.storyboard */ = {
			isa = PBXVariantGroup;
			children = (
				5D34AB9A1F1509FB0097D4A1 /* Base */,
			);
			name = LaunchScreen.storyboard;
			sourceTree = "<group>";
		};
/* End PBXVariantGroup section */

/* Begin XCBuildConfiguration section */
		5D34ABB31F1509FB0097D4A1 /* Debug */ = {
			isa = XCBuildConfiguration;
			buildSettings = {
				ALWAYS_SEARCH_USER_PATHS = NO;
				CLANG_ANALYZER_NONNULL = YES;
				CLANG_ANALYZER_NUMBER_OBJECT_CONVERSION = YES_AGGRESSIVE;
				CLANG_CXX_LANGUAGE_STANDARD = "gnu++0x";
				CLANG_CXX_LIBRARY = "libc++";
				CLANG_ENABLE_MODULES = YES;
				CLANG_ENABLE_OBJC_ARC = YES;
				CLANG_WARN_BOOL_CONVERSION = YES;
				CLANG_WARN_CONSTANT_CONVERSION = YES;
				CLANG_WARN_DIRECT_OBJC_ISA_USAGE = YES_ERROR;
				CLANG_WARN_DOCUMENTATION_COMMENTS = YES;
				CLANG_WARN_EMPTY_BODY = YES;
				CLANG_WARN_ENUM_CONVERSION = YES;
				CLANG_WARN_INFINITE_RECURSION = YES;
				CLANG_WARN_INT_CONVERSION = YES;
				CLANG_WARN_OBJC_ROOT_CLASS = YES_ERROR;
				CLANG_WARN_SUSPICIOUS_MOVE = YES;
				CLANG_WARN_UNREACHABLE_CODE = YES;
				CLANG_WARN__DUPLICATE_METHOD_MATCH = YES;
				"CODE_SIGN_IDENTITY[sdk=iphoneos*]" = "iPhone Developer";
				COPY_PHASE_STRIP = NO;
				DEBUG_INFORMATION_FORMAT = dwarf;
				ENABLE_STRICT_OBJC_MSGSEND = YES;
				ENABLE_TESTABILITY = YES;
				GCC_C_LANGUAGE_STANDARD = gnu99;
				GCC_DYNAMIC_NO_PIC = NO;
				GCC_NO_COMMON_BLOCKS = YES;
				GCC_OPTIMIZATION_LEVEL = 0;
				GCC_PREPROCESSOR_DEFINITIONS = (
					"DEBUG=1",
					"$(inherited)",
				);
				GCC_WARN_64_TO_32_BIT_CONVERSION = YES;
				GCC_WARN_ABOUT_RETURN_TYPE = YES_ERROR;
				GCC_WARN_UNDECLARED_SELECTOR = YES;
				GCC_WARN_UNINITIALIZED_AUTOS = YES_AGGRESSIVE;
				GCC_WARN_UNUSED_FUNCTION = YES;
				GCC_WARN_UNUSED_VARIABLE = YES;
				IPHONEOS_DEPLOYMENT_TARGET = 10.3;
				MTL_ENABLE_DEBUG_INFO = YES;
				ONLY_ACTIVE_ARCH = YES;
				SDKROOT = iphoneos;
				TARGETED_DEVICE_FAMILY = "1,2";
			};
			name = Debug;
		};
		5D34ABB41F1509FB0097D4A1 /* Release */ = {
			isa = XCBuildConfiguration;
			buildSettings = {
				ALWAYS_SEARCH_USER_PATHS = NO;
				CLANG_ANALYZER_NONNULL = YES;
				CLANG_ANALYZER_NUMBER_OBJECT_CONVERSION = YES_AGGRESSIVE;
				CLANG_CXX_LANGUAGE_STANDARD = "gnu++0x";
				CLANG_CXX_LIBRARY = "libc++";
				CLANG_ENABLE_MODULES = YES;
				CLANG_ENABLE_OBJC_ARC = YES;
				CLANG_WARN_BOOL_CONVERSION = YES;
				CLANG_WARN_CONSTANT_CONVERSION = YES;
				CLANG_WARN_DIRECT_OBJC_ISA_USAGE = YES_ERROR;
				CLANG_WARN_DOCUMENTATION_COMMENTS = YES;
				CLANG_WARN_EMPTY_BODY = YES;
				CLANG_WARN_ENUM_CONVERSION = YES;
				CLANG_WARN_INFINITE_RECURSION = YES;
				CLANG_WARN_INT_CONVERSION = YES;
				CLANG_WARN_OBJC_ROOT_CLASS = YES_ERROR;
				CLANG_WARN_SUSPICIOUS_MOVE = YES;
				CLANG_WARN_UNREACHABLE_CODE = YES;
				CLANG_WARN__DUPLICATE_METHOD_MATCH = YES;
				"CODE_SIGN_IDENTITY[sdk=iphoneos*]" = "iPhone Developer";
				COPY_PHASE_STRIP = NO;
				DEBUG_INFORMATION_FORMAT = "dwarf-with-dsym";
				ENABLE_NS_ASSERTIONS = NO;
				ENABLE_STRICT_OBJC_MSGSEND = YES;
				GCC_C_LANGUAGE_STANDARD = gnu99;
				GCC_NO_COMMON_BLOCKS = YES;
				GCC_WARN_64_TO_32_BIT_CONVERSION = YES;
				GCC_WARN_ABOUT_RETURN_TYPE = YES_ERROR;
				GCC_WARN_UNDECLARED_SELECTOR = YES;
				GCC_WARN_UNINITIALIZED_AUTOS = YES_AGGRESSIVE;
				GCC_WARN_UNUSED_FUNCTION = YES;
				GCC_WARN_UNUSED_VARIABLE = YES;
				IPHONEOS_DEPLOYMENT_TARGET = 10.3;
				MTL_ENABLE_DEBUG_INFO = NO;
				SDKROOT = iphoneos;
				TARGETED_DEVICE_FAMILY = "1,2";
				VALIDATE_PRODUCT = YES;
			};
			name = Release;
		};
		5D34ABB61F1509FB0097D4A1 /* Debug */ = {
			isa = XCBuildConfiguration;
			buildSettings = {
				ASSETCATALOG_COMPILER_APPICON_NAME = AppIcon;
				"CODE_SIGN_IDENTITY[sdk=iphoneos*]" = "iPhone Developer";
				DEVELOPMENT_TEAM = L8JSCA8WK4;
				INFOPLIST_FILE = Tungalahari/Info.plist;
				IPHONEOS_DEPLOYMENT_TARGET = 9.1;
				LD_RUNPATH_SEARCH_PATHS = "$(inherited) @executable_path/Frameworks";
				PRODUCT_BUNDLE_IDENTIFIER = "com.srirangadigital.tungalahari-ios1";
				PRODUCT_NAME = "$(TARGET_NAME)";
				PROVISIONING_PROFILE = "";
				PROVISIONING_PROFILE_SPECIFIER = "";
			};
			name = Debug;
		};
		5D34ABB71F1509FB0097D4A1 /* Release */ = {
			isa = XCBuildConfiguration;
			buildSettings = {
				ASSETCATALOG_COMPILER_APPICON_NAME = AppIcon;
				"CODE_SIGN_IDENTITY[sdk=iphoneos*]" = "iPhone Developer";
				DEVELOPMENT_TEAM = L8JSCA8WK4;
				INFOPLIST_FILE = Tungalahari/Info.plist;
				IPHONEOS_DEPLOYMENT_TARGET = 9.1;
				LD_RUNPATH_SEARCH_PATHS = "$(inherited) @executable_path/Frameworks";
				PRODUCT_BUNDLE_IDENTIFIER = "com.srirangadigital.tungalahari-ios1";
				PRODUCT_NAME = "$(TARGET_NAME)";
				PROVISIONING_PROFILE = "";
				PROVISIONING_PROFILE_SPECIFIER = "";
			};
			name = Release;
		};
		5D34ABB91F1509FB0097D4A1 /* Debug */ = {
			isa = XCBuildConfiguration;
			buildSettings = {
				BUNDLE_LOADER = "$(TEST_HOST)";
				DEVELOPMENT_TEAM = L8JSCA8WK4;
				INFOPLIST_FILE = TungalahariTests/Info.plist;
				LD_RUNPATH_SEARCH_PATHS = "$(inherited) @executable_path/Frameworks @loader_path/Frameworks";
				PRODUCT_BUNDLE_IDENTIFIER = com.srirangadigital.TungalahariTests;
				PRODUCT_NAME = "$(TARGET_NAME)";
				TEST_HOST = "$(BUILT_PRODUCTS_DIR)/Tungalahari.app/Tungalahari";
			};
			name = Debug;
		};
		5D34ABBA1F1509FB0097D4A1 /* Release */ = {
			isa = XCBuildConfiguration;
			buildSettings = {
				BUNDLE_LOADER = "$(TEST_HOST)";
				DEVELOPMENT_TEAM = L8JSCA8WK4;
				INFOPLIST_FILE = TungalahariTests/Info.plist;
				LD_RUNPATH_SEARCH_PATHS = "$(inherited) @executable_path/Frameworks @loader_path/Frameworks";
				PRODUCT_BUNDLE_IDENTIFIER = com.srirangadigital.TungalahariTests;
				PRODUCT_NAME = "$(TARGET_NAME)";
				TEST_HOST = "$(BUILT_PRODUCTS_DIR)/Tungalahari.app/Tungalahari";
			};
			name = Release;
		};
		5D34ABBC1F1509FB0097D4A1 /* Debug */ = {
			isa = XCBuildConfiguration;
			buildSettings = {
				DEVELOPMENT_TEAM = L8JSCA8WK4;
				INFOPLIST_FILE = TungalahariUITests/Info.plist;
				LD_RUNPATH_SEARCH_PATHS = "$(inherited) @executable_path/Frameworks @loader_path/Frameworks";
				PRODUCT_BUNDLE_IDENTIFIER = com.srirangadigital.TungalahariUITests;
				PRODUCT_NAME = "$(TARGET_NAME)";
				TEST_TARGET_NAME = Tungalahari;
			};
			name = Debug;
		};
		5D34ABBD1F1509FB0097D4A1 /* Release */ = {
			isa = XCBuildConfiguration;
			buildSettings = {
				DEVELOPMENT_TEAM = L8JSCA8WK4;
				INFOPLIST_FILE = TungalahariUITests/Info.plist;
				LD_RUNPATH_SEARCH_PATHS = "$(inherited) @executable_path/Frameworks @loader_path/Frameworks";
				PRODUCT_BUNDLE_IDENTIFIER = com.srirangadigital.TungalahariUITests;
				PRODUCT_NAME = "$(TARGET_NAME)";
				TEST_TARGET_NAME = Tungalahari;
			};
			name = Release;
		};
/* End XCBuildConfiguration section */

/* Begin XCConfigurationList section */
		5D34AB831F1509FB0097D4A1 /* Build configuration list for PBXProject "Tungalahari" */ = {
			isa = XCConfigurationList;
			buildConfigurations = (
				5D34ABB31F1509FB0097D4A1 /* Debug */,
				5D34ABB41F1509FB0097D4A1 /* Release */,
			);
			defaultConfigurationIsVisible = 0;
			defaultConfigurationName = Release;
		};
		5D34ABB51F1509FB0097D4A1 /* Build configuration list for PBXNativeTarget "Tungalahari" */ = {
			isa = XCConfigurationList;
			buildConfigurations = (
				5D34ABB61F1509FB0097D4A1 /* Debug */,
				5D34ABB71F1509FB0097D4A1 /* Release */,
			);
			defaultConfigurationIsVisible = 0;
			defaultConfigurationName = Release;
		};
		5D34ABB81F1509FB0097D4A1 /* Build configuration list for PBXNativeTarget "TungalahariTests" */ = {
			isa = XCConfigurationList;
			buildConfigurations = (
				5D34ABB91F1509FB0097D4A1 /* Debug */,
				5D34ABBA1F1509FB0097D4A1 /* Release */,
			);
			defaultConfigurationIsVisible = 0;
			defaultConfigurationName = Release;
		};
		5D34ABBB1F1509FB0097D4A1 /* Build configuration list for PBXNativeTarget "TungalahariUITests" */ = {
			isa = XCConfigurationList;
			buildConfigurations = (
				5D34ABBC1F1509FB0097D4A1 /* Debug */,
				5D34ABBD1F1509FB0097D4A1 /* Release */,
			);
			defaultConfigurationIsVisible = 0;
			defaultConfigurationName = Release;
		};
/* End XCConfigurationList section */
	};
	rootObject = 5D34AB801F1509FB0097D4A1 /* Project object */;
}
